// !$*UTF8*$!
{
	archiveVersion = 1;
	classes = {
	};
	objectVersion = 46;
	objects = {

/* Begin PBXBuildFile section */
		5B0764A516FB0B9B00A046BC /* WDDayChecker.m in Sources */ = {isa = PBXBuildFile; fileRef = 5B0764A416FB0B9B00A046BC /* WDDayChecker.m */; };
		5B1A713516E8A2BE00355F59 /* WDBackgroundView.m in Sources */ = {isa = PBXBuildFile; fileRef = 5B1A713416E8A2BE00355F59 /* WDBackgroundView.m */; };
		5B1AC4B816EA0A5600950206 /* UIView+UIViewNibLoad.m in Sources */ = {isa = PBXBuildFile; fileRef = 5B1AC4B716EA0A5600950206 /* UIView+UIViewNibLoad.m */; };
		5B1AC4BC16EA0A9A00950206 /* WDSelectedWordScreenViewController.xib in Resources */ = {isa = PBXBuildFile; fileRef = 5B1AC4BA16EA0A9A00950206 /* WDSelectedWordScreenViewController.xib */; };
		5B1AC4BD16EA0A9A00950206 /* WDSelectedWordScreenViewController.m in Sources */ = {isa = PBXBuildFile; fileRef = 5B1AC4BB16EA0A9A00950206 /* WDSelectedWordScreenViewController.m */; };
		5B1AC4C016EA0AAE00950206 /* WDSelectedWordEditMenuViewController.xib in Resources */ = {isa = PBXBuildFile; fileRef = 5B1AC4BE16EA0AAE00950206 /* WDSelectedWordEditMenuViewController.xib */; };
		5B1AC4C116EA0AAE00950206 /* WDSelectedWordEditMenuViewController.m in Sources */ = {isa = PBXBuildFile; fileRef = 5B1AC4BF16EA0AAE00950206 /* WDSelectedWordEditMenuViewController.m */; };
		5B1AC4C716EA0AC700950206 /* WDTodayWordMenuView.xib in Resources */ = {isa = PBXBuildFile; fileRef = 5B1AC4C516EA0AC700950206 /* WDTodayWordMenuView.xib */; };
		5B1AC4C816EA0AC700950206 /* WDTodayWordMenuView.m in Sources */ = {isa = PBXBuildFile; fileRef = 5B1AC4C616EA0AC700950206 /* WDTodayWordMenuView.m */; };
		5B1AC4CC16EA1FDE00950206 /* WDPreviousWordMenuView.m in Sources */ = {isa = PBXBuildFile; fileRef = 5B1AC4CB16EA1FDE00950206 /* WDPreviousWordMenuView.m */; };
		5B1AC4CE16EA1FF400950206 /* WDPreviousWordMenuView.xib in Resources */ = {isa = PBXBuildFile; fileRef = 5B1AC4CD16EA1FF400950206 /* WDPreviousWordMenuView.xib */; };
		5B1AC4D516EA3C8D00950206 /* WDConfirmWordActionMenuView.m in Sources */ = {isa = PBXBuildFile; fileRef = 5B1AC4D416EA3C8D00950206 /* WDConfirmWordActionMenuView.m */; };
		5B1AC4D716EA3C9B00950206 /* WDConfirmWordActionMenuView.xib in Resources */ = {isa = PBXBuildFile; fileRef = 5B1AC4D616EA3C9B00950206 /* WDConfirmWordActionMenuView.xib */; };
		5B431DD416F9BEE100AED63B /* WDWordTextView.m in Sources */ = {isa = PBXBuildFile; fileRef = 5B431DD316F9BEE100AED63B /* WDWordTextView.m */; };
		5B431DD716F9BEF800AED63B /* WDWordTextWithCursorView.m in Sources */ = {isa = PBXBuildFile; fileRef = 5B431DD616F9BEF800AED63B /* WDWordTextWithCursorView.m */; };
		5B431DDA16F9BF0400AED63B /* WDWordTextWithoutCursorView.m in Sources */ = {isa = PBXBuildFile; fileRef = 5B431DD916F9BF0400AED63B /* WDWordTextWithoutCursorView.m */; };
		5B446F7716F22A48005A432D /* CoreText.framework in Frameworks */ = {isa = PBXBuildFile; fileRef = 5B446F7616F22A48005A432D /* CoreText.framework */; };
		5B6F313C16DF5CEB007E4DBA /* 341-keyboard.png in Resources */ = {isa = PBXBuildFile; fileRef = 5B6F313A16DF5CEB007E4DBA /* 341-keyboard.png */; };
		5B6F313D16DF5CEB007E4DBA /* 341-keyboard@2x.png in Resources */ = {isa = PBXBuildFile; fileRef = 5B6F313B16DF5CEB007E4DBA /* 341-keyboard@2x.png */; };
		5B6F314016DF5D00007E4DBA /* 350-text.png in Resources */ = {isa = PBXBuildFile; fileRef = 5B6F313E16DF5D00007E4DBA /* 350-text.png */; };
		5B6F314116DF5D00007E4DBA /* 350-text@2x.png in Resources */ = {isa = PBXBuildFile; fileRef = 5B6F313F16DF5D00007E4DBA /* 350-text@2x.png */; };
		5B6F314416DF5D0F007E4DBA /* 344-paintbrush.png in Resources */ = {isa = PBXBuildFile; fileRef = 5B6F314216DF5D0F007E4DBA /* 344-paintbrush.png */; };
		5B6F314516DF5D0F007E4DBA /* 344-paintbrush@2x.png in Resources */ = {isa = PBXBuildFile; fileRef = 5B6F314316DF5D0F007E4DBA /* 344-paintbrush@2x.png */; };
		5B6F314816DF5D1B007E4DBA /* 433-x.png in Resources */ = {isa = PBXBuildFile; fileRef = 5B6F314616DF5D1B007E4DBA /* 433-x.png */; };
		5B6F314916DF5D1B007E4DBA /* 433-x@2x.png in Resources */ = {isa = PBXBuildFile; fileRef = 5B6F314716DF5D1B007E4DBA /* 433-x@2x.png */; };
		5B6F315816DF6026007E4DBA /* 218-trash2.png in Resources */ = {isa = PBXBuildFile; fileRef = 5B6F315616DF6026007E4DBA /* 218-trash2.png */; };
		5B6F315916DF6026007E4DBA /* 218-trash2@2x.png in Resources */ = {isa = PBXBuildFile; fileRef = 5B6F315716DF6026007E4DBA /* 218-trash2@2x.png */; };
		5B6F316116DFBCF8007E4DBA /* WDFont.m in Sources */ = {isa = PBXBuildFile; fileRef = 5B6F316016DFBCF8007E4DBA /* WDFont.m */; };
		5B767E8A16E90CDF00C589FC /* testcell-568h@2x.png in Resources */ = {isa = PBXBuildFile; fileRef = 5B767E8416E90CDF00C589FC /* testcell-568h@2x.png */; };
		5B767E8B16E90CDF00C589FC /* testcell.png in Resources */ = {isa = PBXBuildFile; fileRef = 5B767E8516E90CDF00C589FC /* testcell.png */; };
		5B767E8C16E90CDF00C589FC /* testcell@2x.png in Resources */ = {isa = PBXBuildFile; fileRef = 5B767E8616E90CDF00C589FC /* testcell@2x.png */; };
		5B767E8D16E90CDF00C589FC /* testscreen.png in Resources */ = {isa = PBXBuildFile; fileRef = 5B767E8716E90CDF00C589FC /* testscreen.png */; };
		5B767E8E16E90CDF00C589FC /* testscreen@2x.png in Resources */ = {isa = PBXBuildFile; fileRef = 5B767E8816E90CDF00C589FC /* testscreen@2x.png */; };
		5B767E9216E9112F00C589FC /* testscreen-568h@2x.png in Resources */ = {isa = PBXBuildFile; fileRef = 5B767E9116E9112F00C589FC /* testscreen-568h@2x.png */; };
		5B80894816DE3CE2002CD179 /* WDUtils.m in Sources */ = {isa = PBXBuildFile; fileRef = 5B80894716DE3CE2002CD179 /* WDUtils.m */; };
		5B916CF616F07112009C40D6 /* WDWordRepresentationView.m in Sources */ = {isa = PBXBuildFile; fileRef = 5B916CF516F07112009C40D6 /* WDWordRepresentationView.m */; };
		5B916CF816F0711D009C40D6 /* WDWordRepresentationView.xib in Resources */ = {isa = PBXBuildFile; fileRef = 5B916CF716F0711D009C40D6 /* WDWordRepresentationView.xib */; };
		5BADFCE816EDD07100E21A3B /* WDCollectionOptionsWordMenuView.m in Sources */ = {isa = PBXBuildFile; fileRef = 5BADFCE716EDD07100E21A3B /* WDCollectionOptionsWordMenuView.m */; };
		5BB6B30216DBE13900394113 /* UIKit.framework in Frameworks */ = {isa = PBXBuildFile; fileRef = 5BB6B30116DBE13900394113 /* UIKit.framework */; };
		5BB6B30416DBE13900394113 /* Foundation.framework in Frameworks */ = {isa = PBXBuildFile; fileRef = 5BB6B30316DBE13900394113 /* Foundation.framework */; };
		5BB6B30616DBE13900394113 /* CoreGraphics.framework in Frameworks */ = {isa = PBXBuildFile; fileRef = 5BB6B30516DBE13900394113 /* CoreGraphics.framework */; };
		5BB6B30816DBE13900394113 /* CoreData.framework in Frameworks */ = {isa = PBXBuildFile; fileRef = 5BB6B30716DBE13900394113 /* CoreData.framework */; };
		5BB6B30E16DBE13900394113 /* InfoPlist.strings in Resources */ = {isa = PBXBuildFile; fileRef = 5BB6B30C16DBE13900394113 /* InfoPlist.strings */; };
		5BB6B31016DBE13900394113 /* main.m in Sources */ = {isa = PBXBuildFile; fileRef = 5BB6B30F16DBE13900394113 /* main.m */; };
		5BB6B31416DBE13900394113 /* WDAppDelegate.m in Sources */ = {isa = PBXBuildFile; fileRef = 5BB6B31316DBE13900394113 /* WDAppDelegate.m */; };
		5BB6B31616DBE13900394113 /* Default.png in Resources */ = {isa = PBXBuildFile; fileRef = 5BB6B31516DBE13900394113 /* Default.png */; };
		5BB6B31816DBE13900394113 /* Default@2x.png in Resources */ = {isa = PBXBuildFile; fileRef = 5BB6B31716DBE13900394113 /* Default@2x.png */; };
		5BB6B31A16DBE13900394113 /* Default-568h@2x.png in Resources */ = {isa = PBXBuildFile; fileRef = 5BB6B31916DBE13900394113 /* Default-568h@2x.png */; };
		5BB6B31D16DBE13900394113 /* Word_Diary.xcdatamodeld in Sources */ = {isa = PBXBuildFile; fileRef = 5BB6B31B16DBE13900394113 /* Word_Diary.xcdatamodeld */; };
		5BB840E216DCB9470005AF21 /* WDWordDiary.m in Sources */ = {isa = PBXBuildFile; fileRef = 5BB840E116DCB9470005AF21 /* WDWordDiary.m */; };
		5BB840F716DCC80E0005AF21 /* Localizable.strings in Resources */ = {isa = PBXBuildFile; fileRef = 5BB840F916DCC80E0005AF21 /* Localizable.strings */; };
		5BD34C9C16E73ACB007B46A2 /* QuartzCore.framework in Frameworks */ = {isa = PBXBuildFile; fileRef = 5BD34C9B16E73ACB007B46A2 /* QuartzCore.framework */; };
		5BD34CA916E7B025007B46A2 /* WDWord.m in Sources */ = {isa = PBXBuildFile; fileRef = 5BD34CA816E7B025007B46A2 /* WDWord.m */; };
		5BE2F6E41700216400A68287 /* WDGradientBackground.m in Sources */ = {isa = PBXBuildFile; fileRef = 5BE2F6E31700216400A68287 /* WDGradientBackground.m */; };
		5BE2F6EB1700954E00A68287 /* 37-circle-x.png in Resources */ = {isa = PBXBuildFile; fileRef = 5BE2F6E91700954E00A68287 /* 37-circle-x.png */; };
		5BE2F6EC1700954E00A68287 /* 37-circle-x@2x.png in Resources */ = {isa = PBXBuildFile; fileRef = 5BE2F6EA1700954E00A68287 /* 37-circle-x@2x.png */; };
		5BF834D416EE02950080FCDF /* 39-back-light.png in Resources */ = {isa = PBXBuildFile; fileRef = 5BF834D216EE02950080FCDF /* 39-back-light.png */; };
		5BF834D516EE02950080FCDF /* 39-back-light@2x.png in Resources */ = {isa = PBXBuildFile; fileRef = 5BF834D316EE02950080FCDF /* 39-back-light@2x.png */; };
		5BF834D816EE4E260080FCDF /* 39-back-dark.png in Resources */ = {isa = PBXBuildFile; fileRef = 5BF834D616EE4E260080FCDF /* 39-back-dark.png */; };
		5BF834D916EE4E260080FCDF /* 39-back-dark@2x.png in Resources */ = {isa = PBXBuildFile; fileRef = 5BF834D716EE4E260080FCDF /* 39-back-dark@2x.png */; };
		5BF834DC16EE503D0080FCDF /* 19-gear.png in Resources */ = {isa = PBXBuildFile; fileRef = 5BF834DA16EE503C0080FCDF /* 19-gear.png */; };
		5BF834DD16EE503D0080FCDF /* 19-gear@2x.png in Resources */ = {isa = PBXBuildFile; fileRef = 5BF834DB16EE503D0080FCDF /* 19-gear@2x.png */; };
/* End PBXBuildFile section */

/* Begin PBXFileReference section */
		5B0764A316FB0B9B00A046BC /* WDDayChecker.h */ = {isa = PBXFileReference; fileEncoding = 4; lastKnownFileType = sourcecode.c.h; path = WDDayChecker.h; sourceTree = "<group>"; };
		5B0764A416FB0B9B00A046BC /* WDDayChecker.m */ = {isa = PBXFileReference; fileEncoding = 4; lastKnownFileType = sourcecode.c.objc; path = WDDayChecker.m; sourceTree = "<group>"; };
		5B0764A716FB0D2B00A046BC /* WDDayCheckerDelegate.h */ = {isa = PBXFileReference; fileEncoding = 4; lastKnownFileType = sourcecode.c.h; path = WDDayCheckerDelegate.h; sourceTree = "<group>"; };
		5B1A713316E8A2BE00355F59 /* WDBackgroundView.h */ = {isa = PBXFileReference; fileEncoding = 4; lastKnownFileType = sourcecode.c.h; path = WDBackgroundView.h; sourceTree = "<group>"; };
		5B1A713416E8A2BE00355F59 /* WDBackgroundView.m */ = {isa = PBXFileReference; fileEncoding = 4; lastKnownFileType = sourcecode.c.objc; path = WDBackgroundView.m; sourceTree = "<group>"; };
		5B1AC4B616EA0A5600950206 /* UIView+UIViewNibLoad.h */ = {isa = PBXFileReference; fileEncoding = 4; lastKnownFileType = sourcecode.c.h; path = "UIView+UIViewNibLoad.h"; sourceTree = "<group>"; };
		5B1AC4B716EA0A5600950206 /* UIView+UIViewNibLoad.m */ = {isa = PBXFileReference; fileEncoding = 4; lastKnownFileType = sourcecode.c.objc; path = "UIView+UIViewNibLoad.m"; sourceTree = "<group>"; };
		5B1AC4B916EA0A9200950206 /* WDSelectedWordScreenViewController.h */ = {isa = PBXFileReference; fileEncoding = 4; lastKnownFileType = sourcecode.c.h; path = WDSelectedWordScreenViewController.h; sourceTree = "<group>"; };
		5B1AC4BA16EA0A9A00950206 /* WDSelectedWordScreenViewController.xib */ = {isa = PBXFileReference; fileEncoding = 4; lastKnownFileType = file.xib; path = WDSelectedWordScreenViewController.xib; sourceTree = "<group>"; };
		5B1AC4BB16EA0A9A00950206 /* WDSelectedWordScreenViewController.m */ = {isa = PBXFileReference; fileEncoding = 4; lastKnownFileType = sourcecode.c.objc; path = WDSelectedWordScreenViewController.m; sourceTree = "<group>"; };
		5B1AC4BE16EA0AAE00950206 /* WDSelectedWordEditMenuViewController.xib */ = {isa = PBXFileReference; fileEncoding = 4; lastKnownFileType = file.xib; path = WDSelectedWordEditMenuViewController.xib; sourceTree = "<group>"; };
		5B1AC4BF16EA0AAE00950206 /* WDSelectedWordEditMenuViewController.m */ = {isa = PBXFileReference; fileEncoding = 4; lastKnownFileType = sourcecode.c.objc; path = WDSelectedWordEditMenuViewController.m; sourceTree = "<group>"; };
		5B1AC4C216EA0AB600950206 /* WDSelectedWordEditMenuViewController.h */ = {isa = PBXFileReference; fileEncoding = 4; lastKnownFileType = sourcecode.c.h; path = WDSelectedWordEditMenuViewController.h; sourceTree = "<group>"; };
		5B1AC4C416EA0AC700950206 /* WDTodayWordMenuView.h */ = {isa = PBXFileReference; fileEncoding = 4; lastKnownFileType = sourcecode.c.h; path = WDTodayWordMenuView.h; sourceTree = "<group>"; };
		5B1AC4C516EA0AC700950206 /* WDTodayWordMenuView.xib */ = {isa = PBXFileReference; fileEncoding = 4; lastKnownFileType = file.xib; path = WDTodayWordMenuView.xib; sourceTree = "<group>"; };
		5B1AC4C616EA0AC700950206 /* WDTodayWordMenuView.m */ = {isa = PBXFileReference; fileEncoding = 4; lastKnownFileType = sourcecode.c.objc; path = WDTodayWordMenuView.m; sourceTree = "<group>"; };
		5B1AC4CA16EA1FDE00950206 /* WDPreviousWordMenuView.h */ = {isa = PBXFileReference; fileEncoding = 4; lastKnownFileType = sourcecode.c.h; path = WDPreviousWordMenuView.h; sourceTree = "<group>"; };
		5B1AC4CB16EA1FDE00950206 /* WDPreviousWordMenuView.m */ = {isa = PBXFileReference; fileEncoding = 4; lastKnownFileType = sourcecode.c.objc; path = WDPreviousWordMenuView.m; sourceTree = "<group>"; };
		5B1AC4CD16EA1FF400950206 /* WDPreviousWordMenuView.xib */ = {isa = PBXFileReference; fileEncoding = 4; lastKnownFileType = file.xib; path = WDPreviousWordMenuView.xib; sourceTree = "<group>"; };
		5B1AC4D016EA296E00950206 /* WDSelectedWordEditMenuDelegate.h */ = {isa = PBXFileReference; fileEncoding = 4; lastKnownFileType = sourcecode.c.h; path = WDSelectedWordEditMenuDelegate.h; sourceTree = "<group>"; };
		5B1AC4D116EA397D00950206 /* WDSelectedWordScreenDelegate.h */ = {isa = PBXFileReference; fileEncoding = 4; lastKnownFileType = sourcecode.c.h; path = WDSelectedWordScreenDelegate.h; sourceTree = "<group>"; };
		5B1AC4D316EA3C8D00950206 /* WDConfirmWordActionMenuView.h */ = {isa = PBXFileReference; fileEncoding = 4; lastKnownFileType = sourcecode.c.h; path = WDConfirmWordActionMenuView.h; sourceTree = "<group>"; };
		5B1AC4D416EA3C8D00950206 /* WDConfirmWordActionMenuView.m */ = {isa = PBXFileReference; fileEncoding = 4; lastKnownFileType = sourcecode.c.objc; path = WDConfirmWordActionMenuView.m; sourceTree = "<group>"; };
		5B1AC4D616EA3C9B00950206 /* WDConfirmWordActionMenuView.xib */ = {isa = PBXFileReference; fileEncoding = 4; lastKnownFileType = file.xib; path = WDConfirmWordActionMenuView.xib; sourceTree = "<group>"; };
		5B431DD216F9BEE100AED63B /* WDWordTextView.h */ = {isa = PBXFileReference; fileEncoding = 4; lastKnownFileType = sourcecode.c.h; path = WDWordTextView.h; sourceTree = "<group>"; };
		5B431DD316F9BEE100AED63B /* WDWordTextView.m */ = {isa = PBXFileReference; fileEncoding = 4; lastKnownFileType = sourcecode.c.objc; path = WDWordTextView.m; sourceTree = "<group>"; };
		5B431DD516F9BEF800AED63B /* WDWordTextWithCursorView.h */ = {isa = PBXFileReference; fileEncoding = 4; lastKnownFileType = sourcecode.c.h; path = WDWordTextWithCursorView.h; sourceTree = "<group>"; };
		5B431DD616F9BEF800AED63B /* WDWordTextWithCursorView.m */ = {isa = PBXFileReference; fileEncoding = 4; lastKnownFileType = sourcecode.c.objc; path = WDWordTextWithCursorView.m; sourceTree = "<group>"; };
		5B431DD816F9BF0400AED63B /* WDWordTextWithoutCursorView.h */ = {isa = PBXFileReference; fileEncoding = 4; lastKnownFileType = sourcecode.c.h; path = WDWordTextWithoutCursorView.h; sourceTree = "<group>"; };
		5B431DD916F9BF0400AED63B /* WDWordTextWithoutCursorView.m */ = {isa = PBXFileReference; fileEncoding = 4; lastKnownFileType = sourcecode.c.objc; path = WDWordTextWithoutCursorView.m; sourceTree = "<group>"; };
		5B431DDB16F9BF4700AED63B /* WDWordTextViewDataSource.h */ = {isa = PBXFileReference; fileEncoding = 4; lastKnownFileType = sourcecode.c.h; path = WDWordTextViewDataSource.h; sourceTree = "<group>"; };
		5B446F7416F22368005A432D /* WDWordRepresentationViewDelegate.h */ = {isa = PBXFileReference; fileEncoding = 4; lastKnownFileType = sourcecode.c.h; path = WDWordRepresentationViewDelegate.h; sourceTree = "<group>"; };
		5B446F7516F2237E005A432D /* WDWordRepresentationViewDataSource.h */ = {isa = PBXFileReference; fileEncoding = 4; lastKnownFileType = sourcecode.c.h; path = WDWordRepresentationViewDataSource.h; sourceTree = "<group>"; };
		5B446F7616F22A48005A432D /* CoreText.framework */ = {isa = PBXFileReference; lastKnownFileType = wrapper.framework; name = CoreText.framework; path = System/Library/Frameworks/CoreText.framework; sourceTree = SDKROOT; };
		5B6F313A16DF5CEB007E4DBA /* 341-keyboard.png */ = {isa = PBXFileReference; lastKnownFileType = image.png; path = "341-keyboard.png"; sourceTree = "<group>"; };
		5B6F313B16DF5CEB007E4DBA /* 341-keyboard@2x.png */ = {isa = PBXFileReference; lastKnownFileType = image.png; path = "341-keyboard@2x.png"; sourceTree = "<group>"; };
		5B6F313E16DF5D00007E4DBA /* 350-text.png */ = {isa = PBXFileReference; lastKnownFileType = image.png; path = "350-text.png"; sourceTree = "<group>"; };
		5B6F313F16DF5D00007E4DBA /* 350-text@2x.png */ = {isa = PBXFileReference; lastKnownFileType = image.png; path = "350-text@2x.png"; sourceTree = "<group>"; };
		5B6F314216DF5D0F007E4DBA /* 344-paintbrush.png */ = {isa = PBXFileReference; lastKnownFileType = image.png; path = "344-paintbrush.png"; sourceTree = "<group>"; };
		5B6F314316DF5D0F007E4DBA /* 344-paintbrush@2x.png */ = {isa = PBXFileReference; lastKnownFileType = image.png; path = "344-paintbrush@2x.png"; sourceTree = "<group>"; };
		5B6F314616DF5D1B007E4DBA /* 433-x.png */ = {isa = PBXFileReference; lastKnownFileType = image.png; path = "433-x.png"; sourceTree = "<group>"; };
		5B6F314716DF5D1B007E4DBA /* 433-x@2x.png */ = {isa = PBXFileReference; lastKnownFileType = image.png; path = "433-x@2x.png"; sourceTree = "<group>"; };
		5B6F315616DF6026007E4DBA /* 218-trash2.png */ = {isa = PBXFileReference; lastKnownFileType = image.png; path = "218-trash2.png"; sourceTree = "<group>"; };
		5B6F315716DF6026007E4DBA /* 218-trash2@2x.png */ = {isa = PBXFileReference; lastKnownFileType = image.png; path = "218-trash2@2x.png"; sourceTree = "<group>"; };
		5B6F315F16DFBCF8007E4DBA /* WDFont.h */ = {isa = PBXFileReference; fileEncoding = 4; lastKnownFileType = sourcecode.c.h; path = WDFont.h; sourceTree = "<group>"; };
		5B6F316016DFBCF8007E4DBA /* WDFont.m */ = {isa = PBXFileReference; fileEncoding = 4; lastKnownFileType = sourcecode.c.objc; path = WDFont.m; sourceTree = "<group>"; };
		5B767E8416E90CDF00C589FC /* testcell-568h@2x.png */ = {isa = PBXFileReference; lastKnownFileType = image.png; path = "testcell-568h@2x.png"; sourceTree = "<group>"; };
		5B767E8516E90CDF00C589FC /* testcell.png */ = {isa = PBXFileReference; lastKnownFileType = image.png; path = testcell.png; sourceTree = "<group>"; };
		5B767E8616E90CDF00C589FC /* testcell@2x.png */ = {isa = PBXFileReference; lastKnownFileType = image.png; path = "testcell@2x.png"; sourceTree = "<group>"; };
		5B767E8716E90CDF00C589FC /* testscreen.png */ = {isa = PBXFileReference; lastKnownFileType = image.png; path = testscreen.png; sourceTree = "<group>"; };
		5B767E8816E90CDF00C589FC /* testscreen@2x.png */ = {isa = PBXFileReference; lastKnownFileType = image.png; path = "testscreen@2x.png"; sourceTree = "<group>"; };
		5B767E9116E9112F00C589FC /* testscreen-568h@2x.png */ = {isa = PBXFileReference; lastKnownFileType = image.png; path = "testscreen-568h@2x.png"; sourceTree = "<group>"; };
		5B80894616DE3CE2002CD179 /* WDUtils.h */ = {isa = PBXFileReference; fileEncoding = 4; lastKnownFileType = sourcecode.c.h; path = WDUtils.h; sourceTree = "<group>"; };
		5B80894716DE3CE2002CD179 /* WDUtils.m */ = {isa = PBXFileReference; fileEncoding = 4; lastKnownFileType = sourcecode.c.objc; path = WDUtils.m; sourceTree = "<group>"; };
		5B916CF416F07112009C40D6 /* WDWordRepresentationView.h */ = {isa = PBXFileReference; fileEncoding = 4; lastKnownFileType = sourcecode.c.h; path = WDWordRepresentationView.h; sourceTree = "<group>"; };
		5B916CF516F07112009C40D6 /* WDWordRepresentationView.m */ = {isa = PBXFileReference; fileEncoding = 4; lastKnownFileType = sourcecode.c.objc; path = WDWordRepresentationView.m; sourceTree = "<group>"; };
		5B916CF716F0711D009C40D6 /* WDWordRepresentationView.xib */ = {isa = PBXFileReference; fileEncoding = 4; lastKnownFileType = file.xib; path = WDWordRepresentationView.xib; sourceTree = "<group>"; };
		5BADFCE616EDD07100E21A3B /* WDCollectionOptionsWordMenuView.h */ = {isa = PBXFileReference; fileEncoding = 4; lastKnownFileType = sourcecode.c.h; path = WDCollectionOptionsWordMenuView.h; sourceTree = "<group>"; };
		5BADFCE716EDD07100E21A3B /* WDCollectionOptionsWordMenuView.m */ = {isa = PBXFileReference; fileEncoding = 4; lastKnownFileType = sourcecode.c.objc; path = WDCollectionOptionsWordMenuView.m; sourceTree = "<group>"; };
		5BADFCEB16EDD09C00E21A3B /* WDCollectionOptionsWordMenuViewDelegate.h */ = {isa = PBXFileReference; fileEncoding = 4; lastKnownFileType = sourcecode.c.h; path = WDCollectionOptionsWordMenuViewDelegate.h; sourceTree = "<group>"; };
		5BB6B2FE16DBE13900394113 /* Word Diary.app */ = {isa = PBXFileReference; explicitFileType = wrapper.application; includeInIndex = 0; path = "Word Diary.app"; sourceTree = BUILT_PRODUCTS_DIR; };
		5BB6B30116DBE13900394113 /* UIKit.framework */ = {isa = PBXFileReference; lastKnownFileType = wrapper.framework; name = UIKit.framework; path = System/Library/Frameworks/UIKit.framework; sourceTree = SDKROOT; };
		5BB6B30316DBE13900394113 /* Foundation.framework */ = {isa = PBXFileReference; lastKnownFileType = wrapper.framework; name = Foundation.framework; path = System/Library/Frameworks/Foundation.framework; sourceTree = SDKROOT; };
		5BB6B30516DBE13900394113 /* CoreGraphics.framework */ = {isa = PBXFileReference; lastKnownFileType = wrapper.framework; name = CoreGraphics.framework; path = System/Library/Frameworks/CoreGraphics.framework; sourceTree = SDKROOT; };
		5BB6B30716DBE13900394113 /* CoreData.framework */ = {isa = PBXFileReference; lastKnownFileType = wrapper.framework; name = CoreData.framework; path = System/Library/Frameworks/CoreData.framework; sourceTree = SDKROOT; };
		5BB6B30B16DBE13900394113 /* Word Diary-Info.plist */ = {isa = PBXFileReference; lastKnownFileType = text.plist.xml; path = "Word Diary-Info.plist"; sourceTree = "<group>"; };
		5BB6B30D16DBE13900394113 /* en */ = {isa = PBXFileReference; lastKnownFileType = text.plist.strings; name = en; path = en.lproj/InfoPlist.strings; sourceTree = "<group>"; };
		5BB6B30F16DBE13900394113 /* main.m */ = {isa = PBXFileReference; lastKnownFileType = sourcecode.c.objc; path = main.m; sourceTree = "<group>"; };
		5BB6B31116DBE13900394113 /* Word Diary-Prefix.pch */ = {isa = PBXFileReference; lastKnownFileType = sourcecode.c.h; path = "Word Diary-Prefix.pch"; sourceTree = "<group>"; };
		5BB6B31216DBE13900394113 /* WDAppDelegate.h */ = {isa = PBXFileReference; lastKnownFileType = sourcecode.c.h; path = WDAppDelegate.h; sourceTree = "<group>"; };
		5BB6B31316DBE13900394113 /* WDAppDelegate.m */ = {isa = PBXFileReference; lastKnownFileType = sourcecode.c.objc; path = WDAppDelegate.m; sourceTree = "<group>"; };
		5BB6B31516DBE13900394113 /* Default.png */ = {isa = PBXFileReference; lastKnownFileType = image.png; path = Default.png; sourceTree = "<group>"; };
		5BB6B31716DBE13900394113 /* Default@2x.png */ = {isa = PBXFileReference; lastKnownFileType = image.png; path = "Default@2x.png"; sourceTree = "<group>"; };
		5BB6B31916DBE13900394113 /* Default-568h@2x.png */ = {isa = PBXFileReference; lastKnownFileType = image.png; path = "Default-568h@2x.png"; sourceTree = "<group>"; };
		5BB6B31C16DBE13900394113 /* Word_Diary.xcdatamodel */ = {isa = PBXFileReference; lastKnownFileType = wrapper.xcdatamodel; path = Word_Diary.xcdatamodel; sourceTree = "<group>"; };
		5BB840E016DCB9470005AF21 /* WDWordDiary.h */ = {isa = PBXFileReference; fileEncoding = 4; lastKnownFileType = sourcecode.c.h; path = WDWordDiary.h; sourceTree = "<group>"; };
		5BB840E116DCB9470005AF21 /* WDWordDiary.m */ = {isa = PBXFileReference; fileEncoding = 4; lastKnownFileType = sourcecode.c.objc; path = WDWordDiary.m; sourceTree = "<group>"; };
		5BB840F816DCC80E0005AF21 /* en */ = {isa = PBXFileReference; lastKnownFileType = text.plist.strings; name = en; path = en.lproj/Localizable.strings; sourceTree = "<group>"; };
		5BB840FA16DCC83E0005AF21 /* es */ = {isa = PBXFileReference; lastKnownFileType = text.plist.strings; name = es; path = es.lproj/Localizable.strings; sourceTree = "<group>"; };
		5BB840FB16DCC83E0005AF21 /* es */ = {isa = PBXFileReference; lastKnownFileType = text.plist.strings; name = es; path = es.lproj/InfoPlist.strings; sourceTree = "<group>"; };
		5BD34C9B16E73ACB007B46A2 /* QuartzCore.framework */ = {isa = PBXFileReference; lastKnownFileType = wrapper.framework; name = QuartzCore.framework; path = System/Library/Frameworks/QuartzCore.framework; sourceTree = SDKROOT; };
		5BD34CA616E7A166007B46A2 /* WDBackgroundDefs.h */ = {isa = PBXFileReference; fileEncoding = 4; lastKnownFileType = sourcecode.c.h; path = WDBackgroundDefs.h; sourceTree = "<group>"; };
		5BD34CA716E7B025007B46A2 /* WDWord.h */ = {isa = PBXFileReference; fileEncoding = 4; lastKnownFileType = sourcecode.c.h; path = WDWord.h; sourceTree = "<group>"; };
		5BD34CA816E7B025007B46A2 /* WDWord.m */ = {isa = PBXFileReference; fileEncoding = 4; lastKnownFileType = sourcecode.c.objc; path = WDWord.m; sourceTree = "<group>"; };
		5BE2F6E21700216400A68287 /* WDGradientBackground.h */ = {isa = PBXFileReference; fileEncoding = 4; lastKnownFileType = sourcecode.c.h; path = WDGradientBackground.h; sourceTree = "<group>"; };
		5BE2F6E31700216400A68287 /* WDGradientBackground.m */ = {isa = PBXFileReference; fileEncoding = 4; lastKnownFileType = sourcecode.c.objc; path = WDGradientBackground.m; sourceTree = "<group>"; };
		5BE2F6E91700954E00A68287 /* 37-circle-x.png */ = {isa = PBXFileReference; lastKnownFileType = image.png; path = "37-circle-x.png"; sourceTree = "<group>"; };
		5BE2F6EA1700954E00A68287 /* 37-circle-x@2x.png */ = {isa = PBXFileReference; lastKnownFileType = image.png; path = "37-circle-x@2x.png"; sourceTree = "<group>"; };
		5BF834D216EE02950080FCDF /* 39-back-light.png */ = {isa = PBXFileReference; lastKnownFileType = image.png; path = "39-back-light.png"; sourceTree = "<group>"; };
		5BF834D316EE02950080FCDF /* 39-back-light@2x.png */ = {isa = PBXFileReference; lastKnownFileType = image.png; path = "39-back-light@2x.png"; sourceTree = "<group>"; };
		5BF834D616EE4E260080FCDF /* 39-back-dark.png */ = {isa = PBXFileReference; lastKnownFileType = image.png; path = "39-back-dark.png"; sourceTree = "<group>"; };
		5BF834D716EE4E260080FCDF /* 39-back-dark@2x.png */ = {isa = PBXFileReference; lastKnownFileType = image.png; path = "39-back-dark@2x.png"; sourceTree = "<group>"; };
		5BF834DA16EE503C0080FCDF /* 19-gear.png */ = {isa = PBXFileReference; lastKnownFileType = image.png; path = "19-gear.png"; sourceTree = "<group>"; };
		5BF834DB16EE503D0080FCDF /* 19-gear@2x.png */ = {isa = PBXFileReference; lastKnownFileType = image.png; path = "19-gear@2x.png"; sourceTree = "<group>"; };
/* End PBXFileReference section */

/* Begin PBXFrameworksBuildPhase section */
		5BB6B2FB16DBE13900394113 /* Frameworks */ = {
			isa = PBXFrameworksBuildPhase;
			buildActionMask = 2147483647;
			files = (
				5B446F7716F22A48005A432D /* CoreText.framework in Frameworks */,
				5BD34C9C16E73ACB007B46A2 /* QuartzCore.framework in Frameworks */,
				5BB6B30216DBE13900394113 /* UIKit.framework in Frameworks */,
				5BB6B30416DBE13900394113 /* Foundation.framework in Frameworks */,
				5BB6B30616DBE13900394113 /* CoreGraphics.framework in Frameworks */,
				5BB6B30816DBE13900394113 /* CoreData.framework in Frameworks */,
			);
			runOnlyForDeploymentPostprocessing = 0;
		};
/* End PBXFrameworksBuildPhase section */

/* Begin PBXGroup section */
		5B0764A116FB0B7700A046BC /* General */ = {
			isa = PBXGroup;
			children = (
				5B80894616DE3CE2002CD179 /* WDUtils.h */,
				5B80894716DE3CE2002CD179 /* WDUtils.m */,
			);
			name = General;
			sourceTree = "<group>";
		};
		5B0764A216FB0B7D00A046BC /* Day Checker */ = {
			isa = PBXGroup;
			children = (
				5B0764A316FB0B9B00A046BC /* WDDayChecker.h */,
				5B0764A416FB0B9B00A046BC /* WDDayChecker.m */,
				5B0764A716FB0D2B00A046BC /* WDDayCheckerDelegate.h */,
			);
			name = "Day Checker";
			sourceTree = "<group>";
		};
		5B1A712F16E8A24C00355F59 /* Custom Views */ = {
			isa = PBXGroup;
			children = (
				5B1A713316E8A2BE00355F59 /* WDBackgroundView.h */,
				5B1A713416E8A2BE00355F59 /* WDBackgroundView.m */,
			);
			name = "Custom Views";
			sourceTree = "<group>";
		};
		5B1AC4B516EA0A4100950206 /* Categories */ = {
			isa = PBXGroup;
			children = (
				5B1AC4B616EA0A5600950206 /* UIView+UIViewNibLoad.h */,
				5B1AC4B716EA0A5600950206 /* UIView+UIViewNibLoad.m */,
			);
			name = Categories;
			path = ..;
			sourceTree = "<group>";
		};
		5B1AC4C316EA0ABA00950206 /* Paneles */ = {
			isa = PBXGroup;
			children = (
				5BADFCE516EDD04600E21A3B /* Collection Options Word Menu */,
				5B1AC4D216EA3C6A00950206 /* Confirm Word Menu */,
				5B1AC4C916EA1F9400950206 /* Today Word Menu */,
				5B1AC4CF16EA1FFF00950206 /* Previous Word Menu */,
			);
			name = Paneles;
			sourceTree = "<group>";
		};
		5B1AC4C916EA1F9400950206 /* Today Word Menu */ = {
			isa = PBXGroup;
			children = (
				5B1AC4C416EA0AC700950206 /* WDTodayWordMenuView.h */,
				5B1AC4C516EA0AC700950206 /* WDTodayWordMenuView.xib */,
				5B1AC4C616EA0AC700950206 /* WDTodayWordMenuView.m */,
			);
			name = "Today Word Menu";
			sourceTree = "<group>";
		};
		5B1AC4CF16EA1FFF00950206 /* Previous Word Menu */ = {
			isa = PBXGroup;
			children = (
				5B1AC4CA16EA1FDE00950206 /* WDPreviousWordMenuView.h */,
				5B1AC4CB16EA1FDE00950206 /* WDPreviousWordMenuView.m */,
				5B1AC4CD16EA1FF400950206 /* WDPreviousWordMenuView.xib */,
			);
			name = "Previous Word Menu";
			sourceTree = "<group>";
		};
		5B1AC4D216EA3C6A00950206 /* Confirm Word Menu */ = {
			isa = PBXGroup;
			children = (
				5B1AC4D316EA3C8D00950206 /* WDConfirmWordActionMenuView.h */,
				5B1AC4D416EA3C8D00950206 /* WDConfirmWordActionMenuView.m */,
				5B1AC4D616EA3C9B00950206 /* WDConfirmWordActionMenuView.xib */,
			);
			name = "Confirm Word Menu";
			sourceTree = "<group>";
		};
		5B431DD116F9BEA500AED63B /* WDWordTextView */ = {
			isa = PBXGroup;
			children = (
				5B431DD216F9BEE100AED63B /* WDWordTextView.h */,
				5B431DD316F9BEE100AED63B /* WDWordTextView.m */,
				5B431DD516F9BEF800AED63B /* WDWordTextWithCursorView.h */,
				5B431DD616F9BEF800AED63B /* WDWordTextWithCursorView.m */,
				5B431DD816F9BF0400AED63B /* WDWordTextWithoutCursorView.h */,
				5B431DD916F9BF0400AED63B /* WDWordTextWithoutCursorView.m */,
				5B431DDB16F9BF4700AED63B /* WDWordTextViewDataSource.h */,
			);
			name = WDWordTextView;
			sourceTree = "<group>";
		};
		5B431DDC16F9D06700AED63B /* Word View */ = {
			isa = PBXGroup;
			children = (
				5B916CF316F0709D009C40D6 /* WDWordRepresentationView */,
			);
			name = "Word View";
			sourceTree = "<group>";
		};
		5B6F313216DF5A0A007E4DBA /* Menus */ = {
			isa = PBXGroup;
			children = (
				5B1AC4C316EA0ABA00950206 /* Paneles */,
				5B1AC4C216EA0AB600950206 /* WDSelectedWordEditMenuViewController.h */,
				5B1AC4BE16EA0AAE00950206 /* WDSelectedWordEditMenuViewController.xib */,
				5B1AC4BF16EA0AAE00950206 /* WDSelectedWordEditMenuViewController.m */,
				5B1AC4D016EA296E00950206 /* WDSelectedWordEditMenuDelegate.h */,
			);
			name = Menus;
			sourceTree = "<group>";
		};
		5B6F313916DF5AB9007E4DBA /* Icons */ = {
			isa = PBXGroup;
			children = (
				5BF834D616EE4E260080FCDF /* 39-back-dark.png */,
				5BF834D716EE4E260080FCDF /* 39-back-dark@2x.png */,
				5BF834D216EE02950080FCDF /* 39-back-light.png */,
				5BF834D316EE02950080FCDF /* 39-back-light@2x.png */,
				5B6F315616DF6026007E4DBA /* 218-trash2.png */,
				5B6F315716DF6026007E4DBA /* 218-trash2@2x.png */,
				5BE2F6E91700954E00A68287 /* 37-circle-x.png */,
				5BE2F6EA1700954E00A68287 /* 37-circle-x@2x.png */,
				5B6F314616DF5D1B007E4DBA /* 433-x.png */,
				5B6F314716DF5D1B007E4DBA /* 433-x@2x.png */,
				5B6F314216DF5D0F007E4DBA /* 344-paintbrush.png */,
				5BF834DA16EE503C0080FCDF /* 19-gear.png */,
				5BF834DB16EE503D0080FCDF /* 19-gear@2x.png */,
				5B6F314316DF5D0F007E4DBA /* 344-paintbrush@2x.png */,
				5B6F313E16DF5D00007E4DBA /* 350-text.png */,
				5B6F313F16DF5D00007E4DBA /* 350-text@2x.png */,
				5B6F313A16DF5CEB007E4DBA /* 341-keyboard.png */,
				5B6F313B16DF5CEB007E4DBA /* 341-keyboard@2x.png */,
			);
			name = Icons;
			sourceTree = "<group>";
		};
		5B767E6C16E8FA9400C589FC /* Resources */ = {
			isa = PBXGroup;
			children = (
				5B767E6D16E8FA9C00C589FC /* Backgrounds */,
				5B6F313916DF5AB9007E4DBA /* Icons */,
			);
			name = Resources;
			sourceTree = "<group>";
		};
		5B767E6D16E8FA9C00C589FC /* Backgrounds */ = {
			isa = PBXGroup;
			children = (
				5B767E7A16E8FB0700C589FC /* Test */,
			);
			name = Backgrounds;
			sourceTree = "<group>";
		};
		5B767E7A16E8FB0700C589FC /* Test */ = {
			isa = PBXGroup;
			children = (
				5B767E8416E90CDF00C589FC /* testcell-568h@2x.png */,
				5B767E8516E90CDF00C589FC /* testcell.png */,
				5B767E8616E90CDF00C589FC /* testcell@2x.png */,
				5B767E9116E9112F00C589FC /* testscreen-568h@2x.png */,
				5B767E8716E90CDF00C589FC /* testscreen.png */,
				5B767E8816E90CDF00C589FC /* testscreen@2x.png */,
			);
			name = Test;
			sourceTree = "<group>";
		};
		5B80894516DE3CCA002CD179 /* Utils */ = {
			isa = PBXGroup;
			children = (
				5B0764A216FB0B7D00A046BC /* Day Checker */,
				5B0764A116FB0B7700A046BC /* General */,
			);
			name = Utils;
			sourceTree = "<group>";
		};
		5B916CF316F0709D009C40D6 /* WDWordRepresentationView */ = {
			isa = PBXGroup;
			children = (
				5B431DD116F9BEA500AED63B /* WDWordTextView */,
				5B916CF416F07112009C40D6 /* WDWordRepresentationView.h */,
				5B916CF516F07112009C40D6 /* WDWordRepresentationView.m */,
				5B916CF716F0711D009C40D6 /* WDWordRepresentationView.xib */,
				5B446F7416F22368005A432D /* WDWordRepresentationViewDelegate.h */,
				5B446F7516F2237E005A432D /* WDWordRepresentationViewDataSource.h */,
			);
			name = WDWordRepresentationView;
			sourceTree = "<group>";
		};
		5BADFCE516EDD04600E21A3B /* Collection Options Word Menu */ = {
			isa = PBXGroup;
			children = (
				5BADFCE616EDD07100E21A3B /* WDCollectionOptionsWordMenuView.h */,
				5BADFCE716EDD07100E21A3B /* WDCollectionOptionsWordMenuView.m */,
				5BADFCEB16EDD09C00E21A3B /* WDCollectionOptionsWordMenuViewDelegate.h */,
			);
			name = "Collection Options Word Menu";
			sourceTree = "<group>";
		};
		5BB6B2F516DBE13900394113 = {
			isa = PBXGroup;
			children = (
				5B446F7616F22A48005A432D /* CoreText.framework */,
				5BD34C9B16E73ACB007B46A2 /* QuartzCore.framework */,
				5BB6B30916DBE13900394113 /* Word Diary */,
				5BB6B30016DBE13900394113 /* Frameworks */,
				5BB6B2FF16DBE13900394113 /* Products */,
			);
			sourceTree = "<group>";
		};
		5BB6B2FF16DBE13900394113 /* Products */ = {
			isa = PBXGroup;
			children = (
				5BB6B2FE16DBE13900394113 /* Word Diary.app */,
			);
			name = Products;
			sourceTree = "<group>";
		};
		5BB6B30016DBE13900394113 /* Frameworks */ = {
			isa = PBXGroup;
			children = (
				5BB6B30116DBE13900394113 /* UIKit.framework */,
				5BB6B30316DBE13900394113 /* Foundation.framework */,
				5BB6B30516DBE13900394113 /* CoreGraphics.framework */,
				5BB6B30716DBE13900394113 /* CoreData.framework */,
			);
			name = Frameworks;
			sourceTree = "<group>";
		};
		5BB6B30916DBE13900394113 /* Word Diary */ = {
			isa = PBXGroup;
			children = (
				5BB6B31216DBE13900394113 /* WDAppDelegate.h */,
				5BB6B31316DBE13900394113 /* WDAppDelegate.m */,
				5B767E6C16E8FA9400C589FC /* Resources */,
				5BB840EF16DCC6C20005AF21 /* Localization */,
				5B80894516DE3CCA002CD179 /* Utils */,
				5B1AC4B516EA0A4100950206 /* Categories */,
				5BB840D316DCB6210005AF21 /* Model */,
				5BB840DE16DCB6D60005AF21 /* View - Controller */,
				5BB6B30A16DBE13900394113 /* Supporting Files */,
			);
			path = "Word Diary";
			sourceTree = "<group>";
		};
		5BB6B30A16DBE13900394113 /* Supporting Files */ = {
			isa = PBXGroup;
			children = (
				5BB6B30B16DBE13900394113 /* Word Diary-Info.plist */,
				5BB6B30C16DBE13900394113 /* InfoPlist.strings */,
				5BB6B30F16DBE13900394113 /* main.m */,
				5BB6B31116DBE13900394113 /* Word Diary-Prefix.pch */,
				5BB6B31516DBE13900394113 /* Default.png */,
				5BB6B31716DBE13900394113 /* Default@2x.png */,
				5BB6B31916DBE13900394113 /* Default-568h@2x.png */,
			);
			name = "Supporting Files";
			sourceTree = "<group>";
		};
		5BB840D316DCB6210005AF21 /* Model */ = {
			isa = PBXGroup;
			children = (
				5BB840DF16DCB9250005AF21 /* Core Data */,
				5BD34C9D16E799D4007B46A2 /* Word Diary */,
				5BD34CA116E799F8007B46A2 /* OFF Background Store */,
			);
			name = Model;
			sourceTree = "<group>";
		};
		5BB840DE16DCB6D60005AF21 /* View - Controller */ = {
			isa = PBXGroup;
			children = (
				5BE2F6E1170020D300A68287 /* Gradient Background */,
				5B1A712F16E8A24C00355F59 /* Custom Views */,
				5BB8410A16DD12DE0005AF21 /* Selected Word Screen */,
			);
			name = "View - Controller";
			sourceTree = "<group>";
		};
		5BB840DF16DCB9250005AF21 /* Core Data */ = {
			isa = PBXGroup;
			children = (
				5BB6B31B16DBE13900394113 /* Word_Diary.xcdatamodeld */,
				5BD34CA716E7B025007B46A2 /* WDWord.h */,
				5BD34CA816E7B025007B46A2 /* WDWord.m */,
				5B6F315F16DFBCF8007E4DBA /* WDFont.h */,
				5B6F316016DFBCF8007E4DBA /* WDFont.m */,
			);
			name = "Core Data";
			sourceTree = "<group>";
		};
		5BB840EF16DCC6C20005AF21 /* Localization */ = {
			isa = PBXGroup;
			children = (
				5BB840F916DCC80E0005AF21 /* Localizable.strings */,
			);
			name = Localization;
			path = ..;
			sourceTree = "<group>";
		};
		5BB8410A16DD12DE0005AF21 /* Selected Word Screen */ = {
			isa = PBXGroup;
			children = (
				5B431DDC16F9D06700AED63B /* Word View */,
				5B6F313216DF5A0A007E4DBA /* Menus */,
				5B1AC4D116EA397D00950206 /* WDSelectedWordScreenDelegate.h */,
				5B1AC4BA16EA0A9A00950206 /* WDSelectedWordScreenViewController.xib */,
				5B1AC4BB16EA0A9A00950206 /* WDSelectedWordScreenViewController.m */,
				5B1AC4B916EA0A9200950206 /* WDSelectedWordScreenViewController.h */,
			);
			name = "Selected Word Screen";
			sourceTree = "<group>";
		};
		5BD34C9D16E799D4007B46A2 /* Word Diary */ = {
			isa = PBXGroup;
			children = (
				5BB840E016DCB9470005AF21 /* WDWordDiary.h */,
				5BB840E116DCB9470005AF21 /* WDWordDiary.m */,
			);
			name = "Word Diary";
			sourceTree = "<group>";
		};
		5BD34CA116E799F8007B46A2 /* OFF Background Store */ = {
			isa = PBXGroup;
			children = (
				5BD34CA616E7A166007B46A2 /* WDBackgroundDefs.h */,
			);
			name = "OFF Background Store";
			sourceTree = "<group>";
		};
		5BE2F6E1170020D300A68287 /* Gradient Background */ = {
			isa = PBXGroup;
			children = (
				5BE2F6E21700216400A68287 /* WDGradientBackground.h */,
				5BE2F6E31700216400A68287 /* WDGradientBackground.m */,
			);
			name = "Gradient Background";
			sourceTree = "<group>";
		};
/* End PBXGroup section */

/* Begin PBXNativeTarget section */
		5BB6B2FD16DBE13900394113 /* Word Diary */ = {
			isa = PBXNativeTarget;
			buildConfigurationList = 5BB6B32016DBE13900394113 /* Build configuration list for PBXNativeTarget "Word Diary" */;
			buildPhases = (
				5BB6B2FA16DBE13900394113 /* Sources */,
				5BB6B2FB16DBE13900394113 /* Frameworks */,
				5BB6B2FC16DBE13900394113 /* Resources */,
			);
			buildRules = (
			);
			dependencies = (
			);
			name = "Word Diary";
			productName = "Word Diary";
			productReference = 5BB6B2FE16DBE13900394113 /* Word Diary.app */;
			productType = "com.apple.product-type.application";
		};
/* End PBXNativeTarget section */

/* Begin PBXProject section */
		5BB6B2F616DBE13900394113 /* Project object */ = {
			isa = PBXProject;
			attributes = {
				CLASSPREFIX = WD;
				LastUpgradeCheck = 0460;
				ORGANIZATIONNAME = "Fernando Rodríguez Martínez";
			};
			buildConfigurationList = 5BB6B2F916DBE13900394113 /* Build configuration list for PBXProject "Word Diary" */;
			compatibilityVersion = "Xcode 3.2";
			developmentRegion = English;
			hasScannedForEncodings = 0;
			knownRegions = (
				en,
				es,
			);
			mainGroup = 5BB6B2F516DBE13900394113;
			productRefGroup = 5BB6B2FF16DBE13900394113 /* Products */;
			projectDirPath = "";
			projectRoot = "";
			targets = (
				5BB6B2FD16DBE13900394113 /* Word Diary */,
			);
		};
/* End PBXProject section */

/* Begin PBXResourcesBuildPhase section */
		5BB6B2FC16DBE13900394113 /* Resources */ = {
			isa = PBXResourcesBuildPhase;
			buildActionMask = 2147483647;
			files = (
				5BB6B30E16DBE13900394113 /* InfoPlist.strings in Resources */,
				5BB6B31616DBE13900394113 /* Default.png in Resources */,
				5BB6B31816DBE13900394113 /* Default@2x.png in Resources */,
				5BB6B31A16DBE13900394113 /* Default-568h@2x.png in Resources */,
				5BB840F716DCC80E0005AF21 /* Localizable.strings in Resources */,
				5B6F313C16DF5CEB007E4DBA /* 341-keyboard.png in Resources */,
				5B6F313D16DF5CEB007E4DBA /* 341-keyboard@2x.png in Resources */,
				5B6F314016DF5D00007E4DBA /* 350-text.png in Resources */,
				5B6F314116DF5D00007E4DBA /* 350-text@2x.png in Resources */,
				5B6F314416DF5D0F007E4DBA /* 344-paintbrush.png in Resources */,
				5B6F314516DF5D0F007E4DBA /* 344-paintbrush@2x.png in Resources */,
				5B6F314816DF5D1B007E4DBA /* 433-x.png in Resources */,
				5B6F314916DF5D1B007E4DBA /* 433-x@2x.png in Resources */,
				5B6F315816DF6026007E4DBA /* 218-trash2.png in Resources */,
				5B6F315916DF6026007E4DBA /* 218-trash2@2x.png in Resources */,
				5B767E8A16E90CDF00C589FC /* testcell-568h@2x.png in Resources */,
				5B767E8B16E90CDF00C589FC /* testcell.png in Resources */,
				5B767E8C16E90CDF00C589FC /* testcell@2x.png in Resources */,
				5B767E8D16E90CDF00C589FC /* testscreen.png in Resources */,
				5B767E8E16E90CDF00C589FC /* testscreen@2x.png in Resources */,
				5B767E9216E9112F00C589FC /* testscreen-568h@2x.png in Resources */,
				5B1AC4BC16EA0A9A00950206 /* WDSelectedWordScreenViewController.xib in Resources */,
				5B1AC4C016EA0AAE00950206 /* WDSelectedWordEditMenuViewController.xib in Resources */,
				5B1AC4C716EA0AC700950206 /* WDTodayWordMenuView.xib in Resources */,
				5B1AC4CE16EA1FF400950206 /* WDPreviousWordMenuView.xib in Resources */,
				5B1AC4D716EA3C9B00950206 /* WDConfirmWordActionMenuView.xib in Resources */,
				5BF834D416EE02950080FCDF /* 39-back-light.png in Resources */,
				5BF834D516EE02950080FCDF /* 39-back-light@2x.png in Resources */,
				5BF834D816EE4E260080FCDF /* 39-back-dark.png in Resources */,
				5BF834D916EE4E260080FCDF /* 39-back-dark@2x.png in Resources */,
				5BF834DC16EE503D0080FCDF /* 19-gear.png in Resources */,
				5BF834DD16EE503D0080FCDF /* 19-gear@2x.png in Resources */,
				5B916CF816F0711D009C40D6 /* WDWordRepresentationView.xib in Resources */,
				5BE2F6EB1700954E00A68287 /* 37-circle-x.png in Resources */,
				5BE2F6EC1700954E00A68287 /* 37-circle-x@2x.png in Resources */,
			);
			runOnlyForDeploymentPostprocessing = 0;
		};
/* End PBXResourcesBuildPhase section */

/* Begin PBXSourcesBuildPhase section */
		5BB6B2FA16DBE13900394113 /* Sources */ = {
			isa = PBXSourcesBuildPhase;
			buildActionMask = 2147483647;
			files = (
				5BB6B31016DBE13900394113 /* main.m in Sources */,
				5BB6B31416DBE13900394113 /* WDAppDelegate.m in Sources */,
				5BB6B31D16DBE13900394113 /* Word_Diary.xcdatamodeld in Sources */,
				5BB840E216DCB9470005AF21 /* WDWordDiary.m in Sources */,
				5B80894816DE3CE2002CD179 /* WDUtils.m in Sources */,
				5B6F316116DFBCF8007E4DBA /* WDFont.m in Sources */,
				5BD34CA916E7B025007B46A2 /* WDWord.m in Sources */,
				5B1A713516E8A2BE00355F59 /* WDBackgroundView.m in Sources */,
				5B1AC4B816EA0A5600950206 /* UIView+UIViewNibLoad.m in Sources */,
				5B1AC4BD16EA0A9A00950206 /* WDSelectedWordScreenViewController.m in Sources */,
				5B1AC4C116EA0AAE00950206 /* WDSelectedWordEditMenuViewController.m in Sources */,
				5B1AC4C816EA0AC700950206 /* WDTodayWordMenuView.m in Sources */,
				5B1AC4CC16EA1FDE00950206 /* WDPreviousWordMenuView.m in Sources */,
				5B1AC4D516EA3C8D00950206 /* WDConfirmWordActionMenuView.m in Sources */,
				5BADFCE816EDD07100E21A3B /* WDCollectionOptionsWordMenuView.m in Sources */,
				5B916CF616F07112009C40D6 /* WDWordRepresentationView.m in Sources */,
				5B431DD416F9BEE100AED63B /* WDWordTextView.m in Sources */,
				5B431DD716F9BEF800AED63B /* WDWordTextWithCursorView.m in Sources */,
				5B431DDA16F9BF0400AED63B /* WDWordTextWithoutCursorView.m in Sources */,
				5B0764A516FB0B9B00A046BC /* WDDayChecker.m in Sources */,
				5BE2F6E41700216400A68287 /* WDGradientBackground.m in Sources */,
			);
			runOnlyForDeploymentPostprocessing = 0;
		};
/* End PBXSourcesBuildPhase section */

/* Begin PBXVariantGroup section */
		5BB6B30C16DBE13900394113 /* InfoPlist.strings */ = {
			isa = PBXVariantGroup;
			children = (
				5BB6B30D16DBE13900394113 /* en */,
				5BB840FB16DCC83E0005AF21 /* es */,
			);
			name = InfoPlist.strings;
			sourceTree = "<group>";
		};
		5BB840F916DCC80E0005AF21 /* Localizable.strings */ = {
			isa = PBXVariantGroup;
			children = (
				5BB840F816DCC80E0005AF21 /* en */,
				5BB840FA16DCC83E0005AF21 /* es */,
			);
			name = Localizable.strings;
			sourceTree = "<group>";
		};
/* End PBXVariantGroup section */

/* Begin XCBuildConfiguration section */
		5BB6B31E16DBE13900394113 /* Debug */ = {
			isa = XCBuildConfiguration;
			buildSettings = {
				ALWAYS_SEARCH_USER_PATHS = NO;
				CLANG_CXX_LANGUAGE_STANDARD = "gnu++0x";
				CLANG_CXX_LIBRARY = "libc++";
				CLANG_ENABLE_OBJC_ARC = YES;
				CLANG_WARN_CONSTANT_CONVERSION = YES;
				CLANG_WARN_EMPTY_BODY = YES;
				CLANG_WARN_ENUM_CONVERSION = YES;
				CLANG_WARN_INT_CONVERSION = YES;
				CLANG_WARN__DUPLICATE_METHOD_MATCH = YES;
				"CODE_SIGN_IDENTITY[sdk=iphoneos*]" = "iPhone Developer";
				COPY_PHASE_STRIP = NO;
				GCC_C_LANGUAGE_STANDARD = gnu99;
				GCC_DYNAMIC_NO_PIC = NO;
				GCC_OPTIMIZATION_LEVEL = 0;
				GCC_PREPROCESSOR_DEFINITIONS = (
					"DEBUG=1",
					"$(inherited)",
				);
				GCC_SYMBOLS_PRIVATE_EXTERN = NO;
				GCC_WARN_ABOUT_RETURN_TYPE = YES;
				GCC_WARN_UNINITIALIZED_AUTOS = YES;
				GCC_WARN_UNUSED_VARIABLE = YES;
				IPHONEOS_DEPLOYMENT_TARGET = 6.1;
				ONLY_ACTIVE_ARCH = YES;
				SDKROOT = iphoneos;
			};
			name = Debug;
		};
		5BB6B31F16DBE13900394113 /* Release */ = {
			isa = XCBuildConfiguration;
			buildSettings = {
				ALWAYS_SEARCH_USER_PATHS = NO;
				CLANG_CXX_LANGUAGE_STANDARD = "gnu++0x";
				CLANG_CXX_LIBRARY = "libc++";
				CLANG_ENABLE_OBJC_ARC = YES;
				CLANG_WARN_CONSTANT_CONVERSION = YES;
				CLANG_WARN_EMPTY_BODY = YES;
				CLANG_WARN_ENUM_CONVERSION = YES;
				CLANG_WARN_INT_CONVERSION = YES;
				CLANG_WARN__DUPLICATE_METHOD_MATCH = YES;
				"CODE_SIGN_IDENTITY[sdk=iphoneos*]" = "iPhone Developer";
				COPY_PHASE_STRIP = YES;
				GCC_C_LANGUAGE_STANDARD = gnu99;
				GCC_WARN_ABOUT_RETURN_TYPE = YES;
				GCC_WARN_UNINITIALIZED_AUTOS = YES;
				GCC_WARN_UNUSED_VARIABLE = YES;
				IPHONEOS_DEPLOYMENT_TARGET = 6.1;
				OTHER_CFLAGS = "-DNS_BLOCK_ASSERTIONS=1";
				SDKROOT = iphoneos;
				VALIDATE_PRODUCT = YES;
			};
			name = Release;
		};
		5BB6B32116DBE13900394113 /* Debug */ = {
			isa = XCBuildConfiguration;
			buildSettings = {
				GCC_PRECOMPILE_PREFIX_HEADER = YES;
				GCC_PREFIX_HEADER = "Word Diary/Word Diary-Prefix.pch";
				INFOPLIST_FILE = "Word Diary/Word Diary-Info.plist";
				PRODUCT_NAME = "$(TARGET_NAME)";
				WRAPPER_EXTENSION = app;
			};
			name = Debug;
		};
		5BB6B32216DBE13900394113 /* Release */ = {
			isa = XCBuildConfiguration;
			buildSettings = {
				GCC_PRECOMPILE_PREFIX_HEADER = YES;
				GCC_PREFIX_HEADER = "Word Diary/Word Diary-Prefix.pch";
				INFOPLIST_FILE = "Word Diary/Word Diary-Info.plist";
				PRODUCT_NAME = "$(TARGET_NAME)";
				WRAPPER_EXTENSION = app;
			};
			name = Release;
		};
/* End XCBuildConfiguration section */

/* Begin XCConfigurationList section */
		5BB6B2F916DBE13900394113 /* Build configuration list for PBXProject "Word Diary" */ = {
			isa = XCConfigurationList;
			buildConfigurations = (
				5BB6B31E16DBE13900394113 /* Debug */,
				5BB6B31F16DBE13900394113 /* Release */,
			);
			defaultConfigurationIsVisible = 0;
			defaultConfigurationName = Release;
		};
		5BB6B32016DBE13900394113 /* Build configuration list for PBXNativeTarget "Word Diary" */ = {
			isa = XCConfigurationList;
			buildConfigurations = (
				5BB6B32116DBE13900394113 /* Debug */,
				5BB6B32216DBE13900394113 /* Release */,
			);
			defaultConfigurationIsVisible = 0;
			defaultConfigurationName = Release;
		};
/* End XCConfigurationList section */

/* Begin XCVersionGroup section */
		5BB6B31B16DBE13900394113 /* Word_Diary.xcdatamodeld */ = {
			isa = XCVersionGroup;
			children = (
				5BB6B31C16DBE13900394113 /* Word_Diary.xcdatamodel */,
			);
			currentVersion = 5BB6B31C16DBE13900394113 /* Word_Diary.xcdatamodel */;
			path = Word_Diary.xcdatamodeld;
			sourceTree = "<group>";
			versionGroupType = wrapper.xcdatamodel;
		};
/* End XCVersionGroup section */
	};
	rootObject = 5BB6B2F616DBE13900394113 /* Project object */;
}
