// !$*UTF8*$!
{
	archiveVersion = 1;
	classes = {
	};
	objectVersion = 46;
	objects = {

/* Begin PBXBuildFile section */
		5B0764A516FB0B9B00A046BC /* WDDayChecker.m in Sources */ = {isa = PBXBuildFile; fileRef = 5B0764A416FB0B9B00A046BC /* WDDayChecker.m */; };
		5B07E98C172001C300D12450 /* WDWordCharacterCounterView.m in Sources */ = {isa = PBXBuildFile; fileRef = 5B07E98B172001C300D12450 /* WDWordCharacterCounterView.m */; };
		5B1193581704752B00CAF765 /* MessageUI.framework in Frameworks */ = {isa = PBXBuildFile; fileRef = 5B1193571704752B00CAF765 /* MessageUI.framework */; };
		5B11935A170489D300CAF765 /* CoreMotion.framework in Frameworks */ = {isa = PBXBuildFile; fileRef = 5B119359170489D200CAF765 /* CoreMotion.framework */; };
		5B1193691704B61C00CAF765 /* UILabel+TopAlign.m in Sources */ = {isa = PBXBuildFile; fileRef = 5B1193681704B61C00CAF765 /* UILabel+TopAlign.m */; };
		5B1A713516E8A2BE00355F59 /* WDBackgroundView.m in Sources */ = {isa = PBXBuildFile; fileRef = 5B1A713416E8A2BE00355F59 /* WDBackgroundView.m */; };
		5B1AC4B816EA0A5600950206 /* UIView+UIViewNibLoad.m in Sources */ = {isa = PBXBuildFile; fileRef = 5B1AC4B716EA0A5600950206 /* UIView+UIViewNibLoad.m */; };
		5B446F7716F22A48005A432D /* CoreText.framework in Frameworks */ = {isa = PBXBuildFile; fileRef = 5B446F7616F22A48005A432D /* CoreText.framework */; };
		5B5FB855170361E300A11A56 /* 32-circle-south.png in Resources */ = {isa = PBXBuildFile; fileRef = 5B5FB853170361E300A11A56 /* 32-circle-south.png */; };
		5B5FB856170361E300A11A56 /* 32-circle-south@2x.png in Resources */ = {isa = PBXBuildFile; fileRef = 5B5FB854170361E300A11A56 /* 32-circle-south@2x.png */; };
		5B6987E31717F8E200046FE0 /* 37-white-circle-x.png in Resources */ = {isa = PBXBuildFile; fileRef = 5B6987E11717F8E200046FE0 /* 37-white-circle-x.png */; };
		5B6987E41717F8E200046FE0 /* 37-white-circle-x@2x.png in Resources */ = {isa = PBXBuildFile; fileRef = 5B6987E21717F8E200046FE0 /* 37-white-circle-x@2x.png */; };
		5B6987E7171816D100046FE0 /* UIView+RoundedCorners.m in Sources */ = {isa = PBXBuildFile; fileRef = 5B6987E6171816D100046FE0 /* UIView+RoundedCorners.m */; };
		5B6F313C16DF5CEB007E4DBA /* 341-keyboard.png in Resources */ = {isa = PBXBuildFile; fileRef = 5B6F313A16DF5CEB007E4DBA /* 341-keyboard.png */; };
		5B6F313D16DF5CEB007E4DBA /* 341-keyboard@2x.png in Resources */ = {isa = PBXBuildFile; fileRef = 5B6F313B16DF5CEB007E4DBA /* 341-keyboard@2x.png */; };
		5B6F314016DF5D00007E4DBA /* 350-text.png in Resources */ = {isa = PBXBuildFile; fileRef = 5B6F313E16DF5D00007E4DBA /* 350-text.png */; };
		5B6F314116DF5D00007E4DBA /* 350-text@2x.png in Resources */ = {isa = PBXBuildFile; fileRef = 5B6F313F16DF5D00007E4DBA /* 350-text@2x.png */; };
		5B6F314416DF5D0F007E4DBA /* 344-paintbrush.png in Resources */ = {isa = PBXBuildFile; fileRef = 5B6F314216DF5D0F007E4DBA /* 344-paintbrush.png */; };
		5B6F314516DF5D0F007E4DBA /* 344-paintbrush@2x.png in Resources */ = {isa = PBXBuildFile; fileRef = 5B6F314316DF5D0F007E4DBA /* 344-paintbrush@2x.png */; };
		5B6F314816DF5D1B007E4DBA /* 433-x.png in Resources */ = {isa = PBXBuildFile; fileRef = 5B6F314616DF5D1B007E4DBA /* 433-x.png */; };
		5B6F314916DF5D1B007E4DBA /* 433-x@2x.png in Resources */ = {isa = PBXBuildFile; fileRef = 5B6F314716DF5D1B007E4DBA /* 433-x@2x.png */; };
		5B6F315816DF6026007E4DBA /* 218-trash2.png in Resources */ = {isa = PBXBuildFile; fileRef = 5B6F315616DF6026007E4DBA /* 218-trash2.png */; };
		5B6F315916DF6026007E4DBA /* 218-trash2@2x.png in Resources */ = {isa = PBXBuildFile; fileRef = 5B6F315716DF6026007E4DBA /* 218-trash2@2x.png */; };
		5B80894816DE3CE2002CD179 /* WDUtils.m in Sources */ = {isa = PBXBuildFile; fileRef = 5B80894716DE3CE2002CD179 /* WDUtils.m */; };
		5B86DBD9171BE542003152AB /* WDPalette.m in Sources */ = {isa = PBXBuildFile; fileRef = 5B86DBD8171BE542003152AB /* WDPalette.m */; };
		5B86DBDC171BE542003152AB /* WDWord.m in Sources */ = {isa = PBXBuildFile; fileRef = 5B86DBDB171BE542003152AB /* WDWord.m */; };
		5B86DBE0171BEA37003152AB /* WDWordScreenViewController.m in Sources */ = {isa = PBXBuildFile; fileRef = 5B86DBDF171BEA37003152AB /* WDWordScreenViewController.m */; };
		5B86DBE4171BEA81003152AB /* WDWordScreenCollectionViewController.m in Sources */ = {isa = PBXBuildFile; fileRef = 5B86DBE3171BEA81003152AB /* WDWordScreenCollectionViewController.m */; };
		5B86DBEB171BEE82003152AB /* WDWordScreenCollectionViewCell.m in Sources */ = {isa = PBXBuildFile; fileRef = 5B86DBEA171BEE82003152AB /* WDWordScreenCollectionViewCell.m */; };
		5B86DBED171BEEBA003152AB /* WDWordScreenCollectionViewCell.xib in Resources */ = {isa = PBXBuildFile; fileRef = 5B86DBEC171BEEBA003152AB /* WDWordScreenCollectionViewCell.xib */; };
		5B86DBF7171C41AA003152AB /* WDWordRepresentationView.m in Sources */ = {isa = PBXBuildFile; fileRef = 5B86DBF6171C41AA003152AB /* WDWordRepresentationView.m */; };
		5B9462C21715C16700575BD7 /* 298-circlex@2x.png in Resources */ = {isa = PBXBuildFile; fileRef = 5B9462C01715C16700575BD7 /* 298-circlex@2x.png */; };
		5B9462C31715C16700575BD7 /* 298-circlex.png in Resources */ = {isa = PBXBuildFile; fileRef = 5B9462C11715C16700575BD7 /* 298-circlex.png */; };
		5B9462C61715C20900575BD7 /* 42-info@2x.png in Resources */ = {isa = PBXBuildFile; fileRef = 5B9462C41715C20900575BD7 /* 42-info@2x.png */; };
		5B9462C71715C20900575BD7 /* 42-info.png in Resources */ = {isa = PBXBuildFile; fileRef = 5B9462C51715C20900575BD7 /* 42-info.png */; };
		5B9462CA1715C25600575BD7 /* 451-help-symbol2@2x.png in Resources */ = {isa = PBXBuildFile; fileRef = 5B9462C81715C25600575BD7 /* 451-help-symbol2@2x.png */; };
		5B9462CB1715C25600575BD7 /* 451-help-symbol2.png in Resources */ = {isa = PBXBuildFile; fileRef = 5B9462C91715C25600575BD7 /* 451-help-symbol2.png */; };
		5B9462D01715C30500575BD7 /* 441-help-symbol1.png in Resources */ = {isa = PBXBuildFile; fileRef = 5B9462CC1715C30500575BD7 /* 441-help-symbol1.png */; };
		5B9462D11715C30500575BD7 /* 441-help-symbol1@2x.png in Resources */ = {isa = PBXBuildFile; fileRef = 5B9462CD1715C30500575BD7 /* 441-help-symbol1@2x.png */; };
		5B9462D21715C30500575BD7 /* 442-information-symbol1.png in Resources */ = {isa = PBXBuildFile; fileRef = 5B9462CE1715C30500575BD7 /* 442-information-symbol1.png */; };
		5B9462D31715C30500575BD7 /* 442-information-symbol1@2x.png in Resources */ = {isa = PBXBuildFile; fileRef = 5B9462CF1715C30500575BD7 /* 442-information-symbol1@2x.png */; };
		5BB42262170EC19B0081B5CB /* Default-568h@2x.png in Resources */ = {isa = PBXBuildFile; fileRef = 5BB42261170EC19B0081B5CB /* Default-568h@2x.png */; };
		5BB6B30216DBE13900394113 /* UIKit.framework in Frameworks */ = {isa = PBXBuildFile; fileRef = 5BB6B30116DBE13900394113 /* UIKit.framework */; };
		5BB6B30416DBE13900394113 /* Foundation.framework in Frameworks */ = {isa = PBXBuildFile; fileRef = 5BB6B30316DBE13900394113 /* Foundation.framework */; };
		5BB6B30616DBE13900394113 /* CoreGraphics.framework in Frameworks */ = {isa = PBXBuildFile; fileRef = 5BB6B30516DBE13900394113 /* CoreGraphics.framework */; };
		5BB6B30816DBE13900394113 /* CoreData.framework in Frameworks */ = {isa = PBXBuildFile; fileRef = 5BB6B30716DBE13900394113 /* CoreData.framework */; };
		5BB6B30E16DBE13900394113 /* InfoPlist.strings in Resources */ = {isa = PBXBuildFile; fileRef = 5BB6B30C16DBE13900394113 /* InfoPlist.strings */; };
		5BB6B31016DBE13900394113 /* main.m in Sources */ = {isa = PBXBuildFile; fileRef = 5BB6B30F16DBE13900394113 /* main.m */; };
		5BB6B31416DBE13900394113 /* WDAppDelegate.m in Sources */ = {isa = PBXBuildFile; fileRef = 5BB6B31316DBE13900394113 /* WDAppDelegate.m */; };
		5BB6B31D16DBE13900394113 /* Word_Diary.xcdatamodeld in Sources */ = {isa = PBXBuildFile; fileRef = 5BB6B31B16DBE13900394113 /* Word_Diary.xcdatamodeld */; };
		5BB840E216DCB9470005AF21 /* WDWordDiary.m in Sources */ = {isa = PBXBuildFile; fileRef = 5BB840E116DCB9470005AF21 /* WDWordDiary.m */; };
		5BB840F716DCC80E0005AF21 /* Localizable.strings in Resources */ = {isa = PBXBuildFile; fileRef = 5BB840F916DCC80E0005AF21 /* Localizable.strings */; };
		5BD34C9C16E73ACB007B46A2 /* QuartzCore.framework in Frameworks */ = {isa = PBXBuildFile; fileRef = 5BD34C9B16E73ACB007B46A2 /* QuartzCore.framework */; };
		5BE2F6E41700216400A68287 /* WDGradientBackground.m in Sources */ = {isa = PBXBuildFile; fileRef = 5BE2F6E31700216400A68287 /* WDGradientBackground.m */; };
		5BE2F6EB1700954E00A68287 /* 37-circle-x.png in Resources */ = {isa = PBXBuildFile; fileRef = 5BE2F6E91700954E00A68287 /* 37-circle-x.png */; };
		5BE2F6EC1700954E00A68287 /* 37-circle-x@2x.png in Resources */ = {isa = PBXBuildFile; fileRef = 5BE2F6EA1700954E00A68287 /* 37-circle-x@2x.png */; };
		5BF13736170D83D500DA04A6 /* 36-circle-west.png in Resources */ = {isa = PBXBuildFile; fileRef = 5BF13734170D83D500DA04A6 /* 36-circle-west.png */; };
		5BF13737170D83D500DA04A6 /* 36-circle-west@2x.png in Resources */ = {isa = PBXBuildFile; fileRef = 5BF13735170D83D500DA04A6 /* 36-circle-west@2x.png */; };
		5BF1373E170DBBC100DA04A6 /* 14-gear.png in Resources */ = {isa = PBXBuildFile; fileRef = 5BF1373C170DBBC100DA04A6 /* 14-gear.png */; };
		5BF1373F170DBBC100DA04A6 /* 14-gear@2x.png in Resources */ = {isa = PBXBuildFile; fileRef = 5BF1373D170DBBC100DA04A6 /* 14-gear@2x.png */; };
		5BF13742170DD21600DA04A6 /* ?miniwhite.png in Resources */ = {isa = PBXBuildFile; fileRef = 5BF13740170DD21600DA04A6 /* ?miniwhite.png */; };
		5BF13743170DD21600DA04A6 /* ?miniwhite@2x.png in Resources */ = {isa = PBXBuildFile; fileRef = 5BF13741170DD21600DA04A6 /* ?miniwhite@2x.png */; };
		5BF834D416EE02950080FCDF /* 39-back-light.png in Resources */ = {isa = PBXBuildFile; fileRef = 5BF834D216EE02950080FCDF /* 39-back-light.png */; };
		5BF834D516EE02950080FCDF /* 39-back-light@2x.png in Resources */ = {isa = PBXBuildFile; fileRef = 5BF834D316EE02950080FCDF /* 39-back-light@2x.png */; };
		5BF834D816EE4E260080FCDF /* 39-back-dark.png in Resources */ = {isa = PBXBuildFile; fileRef = 5BF834D616EE4E260080FCDF /* 39-back-dark.png */; };
		5BF834D916EE4E260080FCDF /* 39-back-dark@2x.png in Resources */ = {isa = PBXBuildFile; fileRef = 5BF834D716EE4E260080FCDF /* 39-back-dark@2x.png */; };
		5BF834DC16EE503D0080FCDF /* 19-gear.png in Resources */ = {isa = PBXBuildFile; fileRef = 5BF834DA16EE503C0080FCDF /* 19-gear.png */; };
		5BF834DD16EE503D0080FCDF /* 19-gear@2x.png in Resources */ = {isa = PBXBuildFile; fileRef = 5BF834DB16EE503D0080FCDF /* 19-gear@2x.png */; };
		5BFEEA69170C1BCB0048482B /* WDStyle.m in Sources */ = {isa = PBXBuildFile; fileRef = 5BFEEA68170C1BCB0048482B /* WDStyle.m */; };
		5BFEEA75170C1DDD0048482B /* UIColor+hexColorCreation.m in Sources */ = {isa = PBXBuildFile; fileRef = 5BFEEA74170C1DDD0048482B /* UIColor+hexColorCreation.m */; };
		5BFEEA8B170CAA760048482B /* background_noise01.png in Resources */ = {isa = PBXBuildFile; fileRef = 5BFEEA89170CAA760048482B /* background_noise01.png */; };
		5BFEEA8C170CAA760048482B /* background_noise01@2x.png in Resources */ = {isa = PBXBuildFile; fileRef = 5BFEEA8A170CAA760048482B /* background_noise01@2x.png */; };
/* End PBXBuildFile section */

/* Begin PBXFileReference section */
		5B0764A316FB0B9B00A046BC /* WDDayChecker.h */ = {isa = PBXFileReference; fileEncoding = 4; lastKnownFileType = sourcecode.c.h; path = WDDayChecker.h; sourceTree = "<group>"; };
		5B0764A416FB0B9B00A046BC /* WDDayChecker.m */ = {isa = PBXFileReference; fileEncoding = 4; lastKnownFileType = sourcecode.c.objc; path = WDDayChecker.m; sourceTree = "<group>"; };
		5B0764A716FB0D2B00A046BC /* WDDayCheckerDelegate.h */ = {isa = PBXFileReference; fileEncoding = 4; lastKnownFileType = sourcecode.c.h; path = WDDayCheckerDelegate.h; sourceTree = "<group>"; };
		5B07E98A172001C300D12450 /* WDWordCharacterCounterView.h */ = {isa = PBXFileReference; fileEncoding = 4; lastKnownFileType = sourcecode.c.h; path = WDWordCharacterCounterView.h; sourceTree = "<group>"; };
		5B07E98B172001C300D12450 /* WDWordCharacterCounterView.m */ = {isa = PBXFileReference; fileEncoding = 4; lastKnownFileType = sourcecode.c.objc; path = WDWordCharacterCounterView.m; sourceTree = "<group>"; };
		5B07E98D172001DE00D12450 /* WDWordCharacterCounterViewDataSource.h */ = {isa = PBXFileReference; fileEncoding = 4; lastKnownFileType = sourcecode.c.h; path = WDWordCharacterCounterViewDataSource.h; sourceTree = "<group>"; };
		5B07E98E1720421500D12450 /* WDWordCharacterCounterViewDelegate.h */ = {isa = PBXFileReference; fileEncoding = 4; lastKnownFileType = sourcecode.c.h; path = WDWordCharacterCounterViewDelegate.h; sourceTree = "<group>"; };
		5B1193571704752B00CAF765 /* MessageUI.framework */ = {isa = PBXFileReference; lastKnownFileType = wrapper.framework; name = MessageUI.framework; path = System/Library/Frameworks/MessageUI.framework; sourceTree = SDKROOT; };
		5B119359170489D200CAF765 /* CoreMotion.framework */ = {isa = PBXFileReference; lastKnownFileType = wrapper.framework; name = CoreMotion.framework; path = System/Library/Frameworks/CoreMotion.framework; sourceTree = SDKROOT; };
		5B1193671704B61C00CAF765 /* UILabel+TopAlign.h */ = {isa = PBXFileReference; fileEncoding = 4; lastKnownFileType = sourcecode.c.h; path = "UILabel+TopAlign.h"; sourceTree = "<group>"; };
		5B1193681704B61C00CAF765 /* UILabel+TopAlign.m */ = {isa = PBXFileReference; fileEncoding = 4; lastKnownFileType = sourcecode.c.objc; path = "UILabel+TopAlign.m"; sourceTree = "<group>"; };
		5B1A713316E8A2BE00355F59 /* WDBackgroundView.h */ = {isa = PBXFileReference; fileEncoding = 4; lastKnownFileType = sourcecode.c.h; path = WDBackgroundView.h; sourceTree = "<group>"; };
		5B1A713416E8A2BE00355F59 /* WDBackgroundView.m */ = {isa = PBXFileReference; fileEncoding = 4; lastKnownFileType = sourcecode.c.objc; path = WDBackgroundView.m; sourceTree = "<group>"; };
		5B1AC4B616EA0A5600950206 /* UIView+UIViewNibLoad.h */ = {isa = PBXFileReference; fileEncoding = 4; lastKnownFileType = sourcecode.c.h; path = "UIView+UIViewNibLoad.h"; sourceTree = "<group>"; };
		5B1AC4B716EA0A5600950206 /* UIView+UIViewNibLoad.m */ = {isa = PBXFileReference; fileEncoding = 4; lastKnownFileType = sourcecode.c.objc; path = "UIView+UIViewNibLoad.m"; sourceTree = "<group>"; };
		5B446F7616F22A48005A432D /* CoreText.framework */ = {isa = PBXFileReference; lastKnownFileType = wrapper.framework; name = CoreText.framework; path = System/Library/Frameworks/CoreText.framework; sourceTree = SDKROOT; };
		5B5FB853170361E300A11A56 /* 32-circle-south.png */ = {isa = PBXFileReference; lastKnownFileType = image.png; path = "32-circle-south.png"; sourceTree = "<group>"; };
		5B5FB854170361E300A11A56 /* 32-circle-south@2x.png */ = {isa = PBXFileReference; lastKnownFileType = image.png; path = "32-circle-south@2x.png"; sourceTree = "<group>"; };
		5B6987E11717F8E200046FE0 /* 37-white-circle-x.png */ = {isa = PBXFileReference; lastKnownFileType = image.png; path = "37-white-circle-x.png"; sourceTree = "<group>"; };
		5B6987E21717F8E200046FE0 /* 37-white-circle-x@2x.png */ = {isa = PBXFileReference; lastKnownFileType = image.png; path = "37-white-circle-x@2x.png"; sourceTree = "<group>"; };
		5B6987E5171816D100046FE0 /* UIView+RoundedCorners.h */ = {isa = PBXFileReference; fileEncoding = 4; lastKnownFileType = sourcecode.c.h; path = "UIView+RoundedCorners.h"; sourceTree = "<group>"; };
		5B6987E6171816D100046FE0 /* UIView+RoundedCorners.m */ = {isa = PBXFileReference; fileEncoding = 4; lastKnownFileType = sourcecode.c.objc; path = "UIView+RoundedCorners.m"; sourceTree = "<group>"; };
		5B6F313A16DF5CEB007E4DBA /* 341-keyboard.png */ = {isa = PBXFileReference; lastKnownFileType = image.png; path = "341-keyboard.png"; sourceTree = "<group>"; };
		5B6F313B16DF5CEB007E4DBA /* 341-keyboard@2x.png */ = {isa = PBXFileReference; lastKnownFileType = image.png; path = "341-keyboard@2x.png"; sourceTree = "<group>"; };
		5B6F313E16DF5D00007E4DBA /* 350-text.png */ = {isa = PBXFileReference; lastKnownFileType = image.png; path = "350-text.png"; sourceTree = "<group>"; };
		5B6F313F16DF5D00007E4DBA /* 350-text@2x.png */ = {isa = PBXFileReference; lastKnownFileType = image.png; path = "350-text@2x.png"; sourceTree = "<group>"; };
		5B6F314216DF5D0F007E4DBA /* 344-paintbrush.png */ = {isa = PBXFileReference; lastKnownFileType = image.png; path = "344-paintbrush.png"; sourceTree = "<group>"; };
		5B6F314316DF5D0F007E4DBA /* 344-paintbrush@2x.png */ = {isa = PBXFileReference; lastKnownFileType = image.png; path = "344-paintbrush@2x.png"; sourceTree = "<group>"; };
		5B6F314616DF5D1B007E4DBA /* 433-x.png */ = {isa = PBXFileReference; lastKnownFileType = image.png; path = "433-x.png"; sourceTree = "<group>"; };
		5B6F314716DF5D1B007E4DBA /* 433-x@2x.png */ = {isa = PBXFileReference; lastKnownFileType = image.png; path = "433-x@2x.png"; sourceTree = "<group>"; };
		5B6F315616DF6026007E4DBA /* 218-trash2.png */ = {isa = PBXFileReference; lastKnownFileType = image.png; path = "218-trash2.png"; sourceTree = "<group>"; };
		5B6F315716DF6026007E4DBA /* 218-trash2@2x.png */ = {isa = PBXFileReference; lastKnownFileType = image.png; path = "218-trash2@2x.png"; sourceTree = "<group>"; };
		5B80894616DE3CE2002CD179 /* WDUtils.h */ = {isa = PBXFileReference; fileEncoding = 4; lastKnownFileType = sourcecode.c.h; path = WDUtils.h; sourceTree = "<group>"; };
		5B80894716DE3CE2002CD179 /* WDUtils.m */ = {isa = PBXFileReference; fileEncoding = 4; lastKnownFileType = sourcecode.c.objc; path = WDUtils.m; sourceTree = "<group>"; };
		5B86DBD7171BE542003152AB /* WDPalette.h */ = {isa = PBXFileReference; fileEncoding = 4; lastKnownFileType = sourcecode.c.h; path = WDPalette.h; sourceTree = "<group>"; };
		5B86DBD8171BE542003152AB /* WDPalette.m */ = {isa = PBXFileReference; fileEncoding = 4; lastKnownFileType = sourcecode.c.objc; path = WDPalette.m; sourceTree = "<group>"; };
		5B86DBDA171BE542003152AB /* WDWord.h */ = {isa = PBXFileReference; fileEncoding = 4; lastKnownFileType = sourcecode.c.h; path = WDWord.h; sourceTree = "<group>"; };
		5B86DBDB171BE542003152AB /* WDWord.m */ = {isa = PBXFileReference; fileEncoding = 4; lastKnownFileType = sourcecode.c.objc; path = WDWord.m; sourceTree = "<group>"; };
		5B86DBDE171BEA37003152AB /* WDWordScreenViewController.h */ = {isa = PBXFileReference; fileEncoding = 4; lastKnownFileType = sourcecode.c.h; path = WDWordScreenViewController.h; sourceTree = "<group>"; };
		5B86DBDF171BEA37003152AB /* WDWordScreenViewController.m */ = {isa = PBXFileReference; fileEncoding = 4; lastKnownFileType = sourcecode.c.objc; path = WDWordScreenViewController.m; sourceTree = "<group>"; };
		5B86DBE2171BEA81003152AB /* WDWordScreenCollectionViewController.h */ = {isa = PBXFileReference; fileEncoding = 4; lastKnownFileType = sourcecode.c.h; path = WDWordScreenCollectionViewController.h; sourceTree = "<group>"; };
		5B86DBE3171BEA81003152AB /* WDWordScreenCollectionViewController.m */ = {isa = PBXFileReference; fileEncoding = 4; lastKnownFileType = sourcecode.c.objc; path = WDWordScreenCollectionViewController.m; sourceTree = "<group>"; };
		5B86DBE9171BEE82003152AB /* WDWordScreenCollectionViewCell.h */ = {isa = PBXFileReference; fileEncoding = 4; lastKnownFileType = sourcecode.c.h; path = WDWordScreenCollectionViewCell.h; sourceTree = "<group>"; };
		5B86DBEA171BEE82003152AB /* WDWordScreenCollectionViewCell.m */ = {isa = PBXFileReference; fileEncoding = 4; lastKnownFileType = sourcecode.c.objc; path = WDWordScreenCollectionViewCell.m; sourceTree = "<group>"; };
		5B86DBEC171BEEBA003152AB /* WDWordScreenCollectionViewCell.xib */ = {isa = PBXFileReference; fileEncoding = 4; lastKnownFileType = file.xib; path = WDWordScreenCollectionViewCell.xib; sourceTree = "<group>"; };
		5B86DBF5171C41AA003152AB /* WDWordRepresentationView.h */ = {isa = PBXFileReference; fileEncoding = 4; lastKnownFileType = sourcecode.c.h; path = WDWordRepresentationView.h; sourceTree = "<group>"; };
		5B86DBF6171C41AA003152AB /* WDWordRepresentationView.m */ = {isa = PBXFileReference; fileEncoding = 4; lastKnownFileType = sourcecode.c.objc; path = WDWordRepresentationView.m; sourceTree = "<group>"; };
		5B86DBF8171C41BA003152AB /* WDWordRepresentationViewDataSource.h */ = {isa = PBXFileReference; fileEncoding = 4; lastKnownFileType = sourcecode.c.h; path = WDWordRepresentationViewDataSource.h; sourceTree = "<group>"; };
		5B9462C01715C16700575BD7 /* 298-circlex@2x.png */ = {isa = PBXFileReference; lastKnownFileType = image.png; path = "298-circlex@2x.png"; sourceTree = "<group>"; };
		5B9462C11715C16700575BD7 /* 298-circlex.png */ = {isa = PBXFileReference; lastKnownFileType = image.png; path = "298-circlex.png"; sourceTree = "<group>"; };
		5B9462C41715C20900575BD7 /* 42-info@2x.png */ = {isa = PBXFileReference; lastKnownFileType = image.png; path = "42-info@2x.png"; sourceTree = "<group>"; };
		5B9462C51715C20900575BD7 /* 42-info.png */ = {isa = PBXFileReference; lastKnownFileType = image.png; path = "42-info.png"; sourceTree = "<group>"; };
		5B9462C81715C25600575BD7 /* 451-help-symbol2@2x.png */ = {isa = PBXFileReference; lastKnownFileType = image.png; path = "451-help-symbol2@2x.png"; sourceTree = "<group>"; };
		5B9462C91715C25600575BD7 /* 451-help-symbol2.png */ = {isa = PBXFileReference; lastKnownFileType = image.png; path = "451-help-symbol2.png"; sourceTree = "<group>"; };
		5B9462CC1715C30500575BD7 /* 441-help-symbol1.png */ = {isa = PBXFileReference; lastKnownFileType = image.png; path = "441-help-symbol1.png"; sourceTree = "<group>"; };
		5B9462CD1715C30500575BD7 /* 441-help-symbol1@2x.png */ = {isa = PBXFileReference; lastKnownFileType = image.png; path = "441-help-symbol1@2x.png"; sourceTree = "<group>"; };
		5B9462CE1715C30500575BD7 /* 442-information-symbol1.png */ = {isa = PBXFileReference; lastKnownFileType = image.png; path = "442-information-symbol1.png"; sourceTree = "<group>"; };
		5B9462CF1715C30500575BD7 /* 442-information-symbol1@2x.png */ = {isa = PBXFileReference; lastKnownFileType = image.png; path = "442-information-symbol1@2x.png"; sourceTree = "<group>"; };
		5BB42261170EC19B0081B5CB /* Default-568h@2x.png */ = {isa = PBXFileReference; lastKnownFileType = image.png; path = "Default-568h@2x.png"; sourceTree = "<group>"; };
		5BB42263170EC1B40081B5CB /* Default.png */ = {isa = PBXFileReference; lastKnownFileType = image.png; path = Default.png; sourceTree = "<group>"; };
		5BB42265170EC1B80081B5CB /* Default@2x.png */ = {isa = PBXFileReference; lastKnownFileType = image.png; path = "Default@2x.png"; sourceTree = "<group>"; };
		5BB6B2FE16DBE13900394113 /* Word Diary.app */ = {isa = PBXFileReference; explicitFileType = wrapper.application; includeInIndex = 0; path = "Word Diary.app"; sourceTree = BUILT_PRODUCTS_DIR; };
		5BB6B30116DBE13900394113 /* UIKit.framework */ = {isa = PBXFileReference; lastKnownFileType = wrapper.framework; name = UIKit.framework; path = System/Library/Frameworks/UIKit.framework; sourceTree = SDKROOT; };
		5BB6B30316DBE13900394113 /* Foundation.framework */ = {isa = PBXFileReference; lastKnownFileType = wrapper.framework; name = Foundation.framework; path = System/Library/Frameworks/Foundation.framework; sourceTree = SDKROOT; };
		5BB6B30516DBE13900394113 /* CoreGraphics.framework */ = {isa = PBXFileReference; lastKnownFileType = wrapper.framework; name = CoreGraphics.framework; path = System/Library/Frameworks/CoreGraphics.framework; sourceTree = SDKROOT; };
		5BB6B30716DBE13900394113 /* CoreData.framework */ = {isa = PBXFileReference; lastKnownFileType = wrapper.framework; name = CoreData.framework; path = System/Library/Frameworks/CoreData.framework; sourceTree = SDKROOT; };
		5BB6B30B16DBE13900394113 /* Word Diary-Info.plist */ = {isa = PBXFileReference; lastKnownFileType = text.plist.xml; path = "Word Diary-Info.plist"; sourceTree = "<group>"; };
		5BB6B30D16DBE13900394113 /* en */ = {isa = PBXFileReference; lastKnownFileType = text.plist.strings; name = en; path = en.lproj/InfoPlist.strings; sourceTree = "<group>"; };
		5BB6B30F16DBE13900394113 /* main.m */ = {isa = PBXFileReference; lastKnownFileType = sourcecode.c.objc; path = main.m; sourceTree = "<group>"; };
		5BB6B31116DBE13900394113 /* Word Diary-Prefix.pch */ = {isa = PBXFileReference; lastKnownFileType = sourcecode.c.h; path = "Word Diary-Prefix.pch"; sourceTree = "<group>"; };
		5BB6B31216DBE13900394113 /* WDAppDelegate.h */ = {isa = PBXFileReference; lastKnownFileType = sourcecode.c.h; path = WDAppDelegate.h; sourceTree = "<group>"; };
		5BB6B31316DBE13900394113 /* WDAppDelegate.m */ = {isa = PBXFileReference; lastKnownFileType = sourcecode.c.objc; path = WDAppDelegate.m; sourceTree = "<group>"; };
		5BB6B31C16DBE13900394113 /* Word_Diary.xcdatamodel */ = {isa = PBXFileReference; lastKnownFileType = wrapper.xcdatamodel; path = Word_Diary.xcdatamodel; sourceTree = "<group>"; };
		5BB840E016DCB9470005AF21 /* WDWordDiary.h */ = {isa = PBXFileReference; fileEncoding = 4; lastKnownFileType = sourcecode.c.h; path = WDWordDiary.h; sourceTree = "<group>"; };
		5BB840E116DCB9470005AF21 /* WDWordDiary.m */ = {isa = PBXFileReference; fileEncoding = 4; lastKnownFileType = sourcecode.c.objc; path = WDWordDiary.m; sourceTree = "<group>"; };
		5BB840F816DCC80E0005AF21 /* en */ = {isa = PBXFileReference; lastKnownFileType = text.plist.strings; name = en; path = en.lproj/Localizable.strings; sourceTree = "<group>"; };
		5BB840FA16DCC83E0005AF21 /* es */ = {isa = PBXFileReference; lastKnownFileType = text.plist.strings; name = es; path = es.lproj/Localizable.strings; sourceTree = "<group>"; };
		5BB840FB16DCC83E0005AF21 /* es */ = {isa = PBXFileReference; lastKnownFileType = text.plist.strings; name = es; path = es.lproj/InfoPlist.strings; sourceTree = "<group>"; };
		5BD34C9B16E73ACB007B46A2 /* QuartzCore.framework */ = {isa = PBXFileReference; lastKnownFileType = wrapper.framework; name = QuartzCore.framework; path = System/Library/Frameworks/QuartzCore.framework; sourceTree = SDKROOT; };
		5BD34CA616E7A166007B46A2 /* WDBackgroundDefs.h */ = {isa = PBXFileReference; fileEncoding = 4; lastKnownFileType = sourcecode.c.h; path = WDBackgroundDefs.h; sourceTree = "<group>"; };
		5BE2F6E21700216400A68287 /* WDGradientBackground.h */ = {isa = PBXFileReference; fileEncoding = 4; lastKnownFileType = sourcecode.c.h; path = WDGradientBackground.h; sourceTree = "<group>"; };
		5BE2F6E31700216400A68287 /* WDGradientBackground.m */ = {isa = PBXFileReference; fileEncoding = 4; lastKnownFileType = sourcecode.c.objc; path = WDGradientBackground.m; sourceTree = "<group>"; };
		5BE2F6E91700954E00A68287 /* 37-circle-x.png */ = {isa = PBXFileReference; lastKnownFileType = image.png; path = "37-circle-x.png"; sourceTree = "<group>"; };
		5BE2F6EA1700954E00A68287 /* 37-circle-x@2x.png */ = {isa = PBXFileReference; lastKnownFileType = image.png; path = "37-circle-x@2x.png"; sourceTree = "<group>"; };
		5BF13734170D83D500DA04A6 /* 36-circle-west.png */ = {isa = PBXFileReference; lastKnownFileType = image.png; path = "36-circle-west.png"; sourceTree = "<group>"; };
		5BF13735170D83D500DA04A6 /* 36-circle-west@2x.png */ = {isa = PBXFileReference; lastKnownFileType = image.png; path = "36-circle-west@2x.png"; sourceTree = "<group>"; };
		5BF1373C170DBBC100DA04A6 /* 14-gear.png */ = {isa = PBXFileReference; lastKnownFileType = image.png; path = "14-gear.png"; sourceTree = "<group>"; };
		5BF1373D170DBBC100DA04A6 /* 14-gear@2x.png */ = {isa = PBXFileReference; lastKnownFileType = image.png; path = "14-gear@2x.png"; sourceTree = "<group>"; };
		5BF13740170DD21600DA04A6 /* ?miniwhite.png */ = {isa = PBXFileReference; lastKnownFileType = image.png; path = "?miniwhite.png"; sourceTree = "<group>"; };
		5BF13741170DD21600DA04A6 /* ?miniwhite@2x.png */ = {isa = PBXFileReference; lastKnownFileType = image.png; path = "?miniwhite@2x.png"; sourceTree = "<group>"; };
		5BF834D216EE02950080FCDF /* 39-back-light.png */ = {isa = PBXFileReference; lastKnownFileType = image.png; path = "39-back-light.png"; sourceTree = "<group>"; };
		5BF834D316EE02950080FCDF /* 39-back-light@2x.png */ = {isa = PBXFileReference; lastKnownFileType = image.png; path = "39-back-light@2x.png"; sourceTree = "<group>"; };
		5BF834D616EE4E260080FCDF /* 39-back-dark.png */ = {isa = PBXFileReference; lastKnownFileType = image.png; path = "39-back-dark.png"; sourceTree = "<group>"; };
		5BF834D716EE4E260080FCDF /* 39-back-dark@2x.png */ = {isa = PBXFileReference; lastKnownFileType = image.png; path = "39-back-dark@2x.png"; sourceTree = "<group>"; };
		5BF834DA16EE503C0080FCDF /* 19-gear.png */ = {isa = PBXFileReference; lastKnownFileType = image.png; path = "19-gear.png"; sourceTree = "<group>"; };
		5BF834DB16EE503D0080FCDF /* 19-gear@2x.png */ = {isa = PBXFileReference; lastKnownFileType = image.png; path = "19-gear@2x.png"; sourceTree = "<group>"; };
		5BFEEA67170C1BCB0048482B /* WDStyle.h */ = {isa = PBXFileReference; fileEncoding = 4; lastKnownFileType = sourcecode.c.h; path = WDStyle.h; sourceTree = "<group>"; };
		5BFEEA68170C1BCB0048482B /* WDStyle.m */ = {isa = PBXFileReference; fileEncoding = 4; lastKnownFileType = sourcecode.c.objc; path = WDStyle.m; sourceTree = "<group>"; };
		5BFEEA73170C1DDD0048482B /* UIColor+hexColorCreation.h */ = {isa = PBXFileReference; fileEncoding = 4; lastKnownFileType = sourcecode.c.h; path = "UIColor+hexColorCreation.h"; sourceTree = "<group>"; };
		5BFEEA74170C1DDD0048482B /* UIColor+hexColorCreation.m */ = {isa = PBXFileReference; fileEncoding = 4; lastKnownFileType = sourcecode.c.objc; path = "UIColor+hexColorCreation.m"; sourceTree = "<group>"; };
		5BFEEA89170CAA760048482B /* background_noise01.png */ = {isa = PBXFileReference; lastKnownFileType = image.png; path = background_noise01.png; sourceTree = "<group>"; };
		5BFEEA8A170CAA760048482B /* background_noise01@2x.png */ = {isa = PBXFileReference; lastKnownFileType = image.png; path = "background_noise01@2x.png"; sourceTree = "<group>"; };
/* End PBXFileReference section */

/* Begin PBXFrameworksBuildPhase section */
		5BB6B2FB16DBE13900394113 /* Frameworks */ = {
			isa = PBXFrameworksBuildPhase;
			buildActionMask = 2147483647;
			files = (
				5B11935A170489D300CAF765 /* CoreMotion.framework in Frameworks */,
				5B1193581704752B00CAF765 /* MessageUI.framework in Frameworks */,
				5B446F7716F22A48005A432D /* CoreText.framework in Frameworks */,
				5BD34C9C16E73ACB007B46A2 /* QuartzCore.framework in Frameworks */,
				5BB6B30216DBE13900394113 /* UIKit.framework in Frameworks */,
				5BB6B30416DBE13900394113 /* Foundation.framework in Frameworks */,
				5BB6B30616DBE13900394113 /* CoreGraphics.framework in Frameworks */,
				5BB6B30816DBE13900394113 /* CoreData.framework in Frameworks */,
			);
			runOnlyForDeploymentPostprocessing = 0;
		};
/* End PBXFrameworksBuildPhase section */

/* Begin PBXGroup section */
		5B0764A116FB0B7700A046BC /* General */ = {
			isa = PBXGroup;
			children = (
				5B80894616DE3CE2002CD179 /* WDUtils.h */,
				5B80894716DE3CE2002CD179 /* WDUtils.m */,
			);
			name = General;
			sourceTree = "<group>";
		};
		5B0764A216FB0B7D00A046BC /* Day Checker */ = {
			isa = PBXGroup;
			children = (
				5B0764A316FB0B9B00A046BC /* WDDayChecker.h */,
				5B0764A416FB0B9B00A046BC /* WDDayChecker.m */,
				5B0764A716FB0D2B00A046BC /* WDDayCheckerDelegate.h */,
			);
			name = "Day Checker";
			sourceTree = "<group>";
		};
		5B07E989172001AB00D12450 /* Word Character Counter View */ = {
			isa = PBXGroup;
			children = (
				5B07E98A172001C300D12450 /* WDWordCharacterCounterView.h */,
				5B07E98B172001C300D12450 /* WDWordCharacterCounterView.m */,
				5B07E98D172001DE00D12450 /* WDWordCharacterCounterViewDataSource.h */,
				5B07E98E1720421500D12450 /* WDWordCharacterCounterViewDelegate.h */,
			);
			name = "Word Character Counter View";
			sourceTree = "<group>";
		};
		5B1A712F16E8A24C00355F59 /* Custom Views */ = {
			isa = PBXGroup;
			children = (
				5B1A713316E8A2BE00355F59 /* WDBackgroundView.h */,
				5B1A713416E8A2BE00355F59 /* WDBackgroundView.m */,
			);
			name = "Custom Views";
			sourceTree = "<group>";
		};
		5B1AC4B516EA0A4100950206 /* Categories */ = {
			isa = PBXGroup;
			children = (
				5B1AC4B616EA0A5600950206 /* UIView+UIViewNibLoad.h */,
				5B1AC4B716EA0A5600950206 /* UIView+UIViewNibLoad.m */,
				5B1193671704B61C00CAF765 /* UILabel+TopAlign.h */,
				5B1193681704B61C00CAF765 /* UILabel+TopAlign.m */,
				5BFEEA73170C1DDD0048482B /* UIColor+hexColorCreation.h */,
				5BFEEA74170C1DDD0048482B /* UIColor+hexColorCreation.m */,
				5B6987E5171816D100046FE0 /* UIView+RoundedCorners.h */,
				5B6987E6171816D100046FE0 /* UIView+RoundedCorners.m */,
			);
			name = Categories;
			path = ..;
			sourceTree = "<group>";
		};
		5B6F313916DF5AB9007E4DBA /* Icons */ = {
			isa = PBXGroup;
			children = (
				5BF834D616EE4E260080FCDF /* 39-back-dark.png */,
				5BF834D716EE4E260080FCDF /* 39-back-dark@2x.png */,
				5BF834D216EE02950080FCDF /* 39-back-light.png */,
				5BF834D316EE02950080FCDF /* 39-back-light@2x.png */,
				5B6F315616DF6026007E4DBA /* 218-trash2.png */,
				5B6987E11717F8E200046FE0 /* 37-white-circle-x.png */,
				5B6987E21717F8E200046FE0 /* 37-white-circle-x@2x.png */,
				5B9462C81715C25600575BD7 /* 451-help-symbol2@2x.png */,
				5B9462C91715C25600575BD7 /* 451-help-symbol2.png */,
				5B6F315716DF6026007E4DBA /* 218-trash2@2x.png */,
				5BE2F6E91700954E00A68287 /* 37-circle-x.png */,
				5B9462C41715C20900575BD7 /* 42-info@2x.png */,
				5B9462C51715C20900575BD7 /* 42-info.png */,
				5BF13740170DD21600DA04A6 /* ?miniwhite.png */,
				5BF13741170DD21600DA04A6 /* ?miniwhite@2x.png */,
				5B9462C01715C16700575BD7 /* 298-circlex@2x.png */,
				5B9462C11715C16700575BD7 /* 298-circlex.png */,
				5BE2F6EA1700954E00A68287 /* 37-circle-x@2x.png */,
				5BF13734170D83D500DA04A6 /* 36-circle-west.png */,
				5BF13735170D83D500DA04A6 /* 36-circle-west@2x.png */,
				5BF1373C170DBBC100DA04A6 /* 14-gear.png */,
				5BF1373D170DBBC100DA04A6 /* 14-gear@2x.png */,
				5B6F314616DF5D1B007E4DBA /* 433-x.png */,
				5B6F314716DF5D1B007E4DBA /* 433-x@2x.png */,
				5B5FB853170361E300A11A56 /* 32-circle-south.png */,
				5B9462CC1715C30500575BD7 /* 441-help-symbol1.png */,
				5B9462CD1715C30500575BD7 /* 441-help-symbol1@2x.png */,
				5B9462CE1715C30500575BD7 /* 442-information-symbol1.png */,
				5B9462CF1715C30500575BD7 /* 442-information-symbol1@2x.png */,
				5B5FB854170361E300A11A56 /* 32-circle-south@2x.png */,
				5B6F314216DF5D0F007E4DBA /* 344-paintbrush.png */,
				5BF834DA16EE503C0080FCDF /* 19-gear.png */,
				5BF834DB16EE503D0080FCDF /* 19-gear@2x.png */,
				5B6F314316DF5D0F007E4DBA /* 344-paintbrush@2x.png */,
				5B6F313E16DF5D00007E4DBA /* 350-text.png */,
				5B6F313F16DF5D00007E4DBA /* 350-text@2x.png */,
				5B6F313A16DF5CEB007E4DBA /* 341-keyboard.png */,
				5B6F313B16DF5CEB007E4DBA /* 341-keyboard@2x.png */,
			);
			name = Icons;
			sourceTree = "<group>";
		};
		5B767E6C16E8FA9400C589FC /* Resources */ = {
			isa = PBXGroup;
			children = (
				5BB42267170EC1FF0081B5CB /* Launch */,
				5B767E6D16E8FA9C00C589FC /* Backgrounds */,
				5B6F313916DF5AB9007E4DBA /* Icons */,
			);
			name = Resources;
			sourceTree = "<group>";
		};
		5B767E6D16E8FA9C00C589FC /* Backgrounds */ = {
			isa = PBXGroup;
			children = (
				5BFEEA89170CAA760048482B /* background_noise01.png */,
				5BFEEA8A170CAA760048482B /* background_noise01@2x.png */,
			);
			name = Backgrounds;
			sourceTree = "<group>";
		};
		5B80894516DE3CCA002CD179 /* Utils */ = {
			isa = PBXGroup;
			children = (
				5B0764A216FB0B7D00A046BC /* Day Checker */,
				5B0764A116FB0B7700A046BC /* General */,
			);
			name = Utils;
			sourceTree = "<group>";
		};
		5B86DBDD171BE8C2003152AB /* Word Screen */ = {
			isa = PBXGroup;
			children = (
				5B86DBE1171BEA3F003152AB /* Collection View */,
				5B86DBDE171BEA37003152AB /* WDWordScreenViewController.h */,
				5B86DBDF171BEA37003152AB /* WDWordScreenViewController.m */,
			);
			name = "Word Screen";
			sourceTree = "<group>";
		};
		5B86DBE1171BEA3F003152AB /* Collection View */ = {
			isa = PBXGroup;
			children = (
				5B07E989172001AB00D12450 /* Word Character Counter View */,
				5B86DBE5171BED99003152AB /* Cell */,
				5B86DBE2171BEA81003152AB /* WDWordScreenCollectionViewController.h */,
				5B86DBE3171BEA81003152AB /* WDWordScreenCollectionViewController.m */,
			);
			name = "Collection View";
			sourceTree = "<group>";
		};
		5B86DBE5171BED99003152AB /* Cell */ = {
			isa = PBXGroup;
			children = (
				5B86DBF0171C4116003152AB /* Word Representation View */,
				5B86DBE9171BEE82003152AB /* WDWordScreenCollectionViewCell.h */,
				5B86DBEA171BEE82003152AB /* WDWordScreenCollectionViewCell.m */,
				5B86DBEC171BEEBA003152AB /* WDWordScreenCollectionViewCell.xib */,
			);
			name = Cell;
			sourceTree = "<group>";
		};
		5B86DBF0171C4116003152AB /* Word Representation View */ = {
			isa = PBXGroup;
			children = (
				5B86DBF5171C41AA003152AB /* WDWordRepresentationView.h */,
				5B86DBF6171C41AA003152AB /* WDWordRepresentationView.m */,
				5B86DBF8171C41BA003152AB /* WDWordRepresentationViewDataSource.h */,
			);
			name = "Word Representation View";
			sourceTree = "<group>";
		};
		5BB42267170EC1FF0081B5CB /* Launch */ = {
			isa = PBXGroup;
			children = (
				5BB42265170EC1B80081B5CB /* Default@2x.png */,
				5BB42263170EC1B40081B5CB /* Default.png */,
				5BB42261170EC19B0081B5CB /* Default-568h@2x.png */,
			);
			name = Launch;
			path = ..;
			sourceTree = "<group>";
		};
		5BB6B2F516DBE13900394113 = {
			isa = PBXGroup;
			children = (
				5B119359170489D200CAF765 /* CoreMotion.framework */,
				5B1193571704752B00CAF765 /* MessageUI.framework */,
				5B446F7616F22A48005A432D /* CoreText.framework */,
				5BD34C9B16E73ACB007B46A2 /* QuartzCore.framework */,
				5BB6B30916DBE13900394113 /* Word Diary */,
				5BB6B30016DBE13900394113 /* Frameworks */,
				5BB6B2FF16DBE13900394113 /* Products */,
			);
			sourceTree = "<group>";
		};
		5BB6B2FF16DBE13900394113 /* Products */ = {
			isa = PBXGroup;
			children = (
				5BB6B2FE16DBE13900394113 /* Word Diary.app */,
			);
			name = Products;
			sourceTree = "<group>";
		};
		5BB6B30016DBE13900394113 /* Frameworks */ = {
			isa = PBXGroup;
			children = (
				5BB6B30116DBE13900394113 /* UIKit.framework */,
				5BB6B30316DBE13900394113 /* Foundation.framework */,
				5BB6B30516DBE13900394113 /* CoreGraphics.framework */,
				5BB6B30716DBE13900394113 /* CoreData.framework */,
			);
			name = Frameworks;
			sourceTree = "<group>";
		};
		5BB6B30916DBE13900394113 /* Word Diary */ = {
			isa = PBXGroup;
			children = (
				5BB6B31216DBE13900394113 /* WDAppDelegate.h */,
				5BB6B31316DBE13900394113 /* WDAppDelegate.m */,
				5B767E6C16E8FA9400C589FC /* Resources */,
				5BB840EF16DCC6C20005AF21 /* Localization */,
				5B80894516DE3CCA002CD179 /* Utils */,
				5B1AC4B516EA0A4100950206 /* Categories */,
				5BB840D316DCB6210005AF21 /* Model */,
				5BEC305317154E0300EE8D72 /* Controller with Views */,
				5BB840DE16DCB6D60005AF21 /* Views */,
				5BB6B30A16DBE13900394113 /* Supporting Files */,
			);
			path = "Word Diary";
			sourceTree = "<group>";
		};
		5BB6B30A16DBE13900394113 /* Supporting Files */ = {
			isa = PBXGroup;
			children = (
				5BB6B30B16DBE13900394113 /* Word Diary-Info.plist */,
				5BB6B30C16DBE13900394113 /* InfoPlist.strings */,
				5BB6B30F16DBE13900394113 /* main.m */,
				5BB6B31116DBE13900394113 /* Word Diary-Prefix.pch */,
			);
			name = "Supporting Files";
			sourceTree = "<group>";
		};
		5BB840D316DCB6210005AF21 /* Model */ = {
			isa = PBXGroup;
			children = (
				5BB840DF16DCB9250005AF21 /* Core Data */,
				5BD34C9D16E799D4007B46A2 /* Word Diary */,
				5BD34CA116E799F8007B46A2 /* OFF Background Store */,
			);
			name = Model;
			sourceTree = "<group>";
		};
		5BB840DE16DCB6D60005AF21 /* Views */ = {
			isa = PBXGroup;
			children = (
				5BE2F6E1170020D300A68287 /* Gradient Background */,
				5B1A712F16E8A24C00355F59 /* Custom Views */,
			);
			name = Views;
			sourceTree = "<group>";
		};
		5BB840DF16DCB9250005AF21 /* Core Data */ = {
			isa = PBXGroup;
			children = (
				5BB6B31B16DBE13900394113 /* Word_Diary.xcdatamodeld */,
				5B86DBDA171BE542003152AB /* WDWord.h */,
				5B86DBDB171BE542003152AB /* WDWord.m */,
				5B86DBD7171BE542003152AB /* WDPalette.h */,
				5B86DBD8171BE542003152AB /* WDPalette.m */,
				5BFEEA67170C1BCB0048482B /* WDStyle.h */,
				5BFEEA68170C1BCB0048482B /* WDStyle.m */,
			);
			name = "Core Data";
			sourceTree = "<group>";
		};
		5BB840EF16DCC6C20005AF21 /* Localization */ = {
			isa = PBXGroup;
			children = (
				5BB840F916DCC80E0005AF21 /* Localizable.strings */,
			);
			name = Localization;
			path = ..;
			sourceTree = "<group>";
		};
		5BD34C9D16E799D4007B46A2 /* Word Diary */ = {
			isa = PBXGroup;
			children = (
				5BB840E016DCB9470005AF21 /* WDWordDiary.h */,
				5BB840E116DCB9470005AF21 /* WDWordDiary.m */,
			);
			name = "Word Diary";
			sourceTree = "<group>";
		};
		5BD34CA116E799F8007B46A2 /* OFF Background Store */ = {
			isa = PBXGroup;
			children = (
				5BD34CA616E7A166007B46A2 /* WDBackgroundDefs.h */,
			);
			name = "OFF Background Store";
			sourceTree = "<group>";
		};
		5BE2F6E1170020D300A68287 /* Gradient Background */ = {
			isa = PBXGroup;
			children = (
				5BE2F6E21700216400A68287 /* WDGradientBackground.h */,
				5BE2F6E31700216400A68287 /* WDGradientBackground.m */,
			);
			name = "Gradient Background";
			sourceTree = "<group>";
		};
		5BEC305317154E0300EE8D72 /* Controller with Views */ = {
			isa = PBXGroup;
			children = (
				5B86DBDD171BE8C2003152AB /* Word Screen */,
			);
			name = "Controller with Views";
			sourceTree = "<group>";
		};
/* End PBXGroup section */

/* Begin PBXNativeTarget section */
		5BB6B2FD16DBE13900394113 /* Word Diary */ = {
			isa = PBXNativeTarget;
			buildConfigurationList = 5BB6B32016DBE13900394113 /* Build configuration list for PBXNativeTarget "Word Diary" */;
			buildPhases = (
				5BB6B2FA16DBE13900394113 /* Sources */,
				5BB6B2FB16DBE13900394113 /* Frameworks */,
				5BB6B2FC16DBE13900394113 /* Resources */,
			);
			buildRules = (
			);
			dependencies = (
			);
			name = "Word Diary";
			productName = "Word Diary";
			productReference = 5BB6B2FE16DBE13900394113 /* Word Diary.app */;
			productType = "com.apple.product-type.application";
		};
/* End PBXNativeTarget section */

/* Begin PBXProject section */
		5BB6B2F616DBE13900394113 /* Project object */ = {
			isa = PBXProject;
			attributes = {
				CLASSPREFIX = WD;
				LastUpgradeCheck = 0460;
				ORGANIZATIONNAME = "Fernando Rodríguez Martínez";
			};
			buildConfigurationList = 5BB6B2F916DBE13900394113 /* Build configuration list for PBXProject "Word Diary" */;
			compatibilityVersion = "Xcode 3.2";
			developmentRegion = English;
			hasScannedForEncodings = 0;
			knownRegions = (
				en,
				es,
			);
			mainGroup = 5BB6B2F516DBE13900394113;
			productRefGroup = 5BB6B2FF16DBE13900394113 /* Products */;
			projectDirPath = "";
			projectRoot = "";
			targets = (
				5BB6B2FD16DBE13900394113 /* Word Diary */,
			);
		};
/* End PBXProject section */

/* Begin PBXResourcesBuildPhase section */
		5BB6B2FC16DBE13900394113 /* Resources */ = {
			isa = PBXResourcesBuildPhase;
			buildActionMask = 2147483647;
			files = (
				5BB6B30E16DBE13900394113 /* InfoPlist.strings in Resources */,
				5BB840F716DCC80E0005AF21 /* Localizable.strings in Resources */,
				5B6F313C16DF5CEB007E4DBA /* 341-keyboard.png in Resources */,
				5B6F313D16DF5CEB007E4DBA /* 341-keyboard@2x.png in Resources */,
				5B6F314016DF5D00007E4DBA /* 350-text.png in Resources */,
				5B6F314116DF5D00007E4DBA /* 350-text@2x.png in Resources */,
				5B6F314416DF5D0F007E4DBA /* 344-paintbrush.png in Resources */,
				5B6F314516DF5D0F007E4DBA /* 344-paintbrush@2x.png in Resources */,
				5B6F314816DF5D1B007E4DBA /* 433-x.png in Resources */,
				5B6F314916DF5D1B007E4DBA /* 433-x@2x.png in Resources */,
				5B6F315816DF6026007E4DBA /* 218-trash2.png in Resources */,
				5B6F315916DF6026007E4DBA /* 218-trash2@2x.png in Resources */,
				5BF834D416EE02950080FCDF /* 39-back-light.png in Resources */,
				5BF834D516EE02950080FCDF /* 39-back-light@2x.png in Resources */,
				5BF834D816EE4E260080FCDF /* 39-back-dark.png in Resources */,
				5BF834D916EE4E260080FCDF /* 39-back-dark@2x.png in Resources */,
				5BF834DC16EE503D0080FCDF /* 19-gear.png in Resources */,
				5BF834DD16EE503D0080FCDF /* 19-gear@2x.png in Resources */,
				5BE2F6EB1700954E00A68287 /* 37-circle-x.png in Resources */,
				5BE2F6EC1700954E00A68287 /* 37-circle-x@2x.png in Resources */,
				5B5FB855170361E300A11A56 /* 32-circle-south.png in Resources */,
				5B5FB856170361E300A11A56 /* 32-circle-south@2x.png in Resources */,
				5BFEEA8B170CAA760048482B /* background_noise01.png in Resources */,
				5BFEEA8C170CAA760048482B /* background_noise01@2x.png in Resources */,
				5BF13736170D83D500DA04A6 /* 36-circle-west.png in Resources */,
				5BF13737170D83D500DA04A6 /* 36-circle-west@2x.png in Resources */,
				5BF1373E170DBBC100DA04A6 /* 14-gear.png in Resources */,
				5BF1373F170DBBC100DA04A6 /* 14-gear@2x.png in Resources */,
				5BF13742170DD21600DA04A6 /* ?miniwhite.png in Resources */,
				5BF13743170DD21600DA04A6 /* ?miniwhite@2x.png in Resources */,
				5BB42262170EC19B0081B5CB /* Default-568h@2x.png in Resources */,
				5B9462C21715C16700575BD7 /* 298-circlex@2x.png in Resources */,
				5B9462C31715C16700575BD7 /* 298-circlex.png in Resources */,
				5B9462C61715C20900575BD7 /* 42-info@2x.png in Resources */,
				5B9462C71715C20900575BD7 /* 42-info.png in Resources */,
				5B9462CA1715C25600575BD7 /* 451-help-symbol2@2x.png in Resources */,
				5B9462CB1715C25600575BD7 /* 451-help-symbol2.png in Resources */,
				5B9462D01715C30500575BD7 /* 441-help-symbol1.png in Resources */,
				5B9462D11715C30500575BD7 /* 441-help-symbol1@2x.png in Resources */,
				5B9462D21715C30500575BD7 /* 442-information-symbol1.png in Resources */,
				5B9462D31715C30500575BD7 /* 442-information-symbol1@2x.png in Resources */,
				5B6987E31717F8E200046FE0 /* 37-white-circle-x.png in Resources */,
				5B6987E41717F8E200046FE0 /* 37-white-circle-x@2x.png in Resources */,
				5B86DBED171BEEBA003152AB /* WDWordScreenCollectionViewCell.xib in Resources */,
			);
			runOnlyForDeploymentPostprocessing = 0;
		};
/* End PBXResourcesBuildPhase section */

/* Begin PBXSourcesBuildPhase section */
		5BB6B2FA16DBE13900394113 /* Sources */ = {
			isa = PBXSourcesBuildPhase;
			buildActionMask = 2147483647;
			files = (
				5BB6B31016DBE13900394113 /* main.m in Sources */,
				5BB6B31416DBE13900394113 /* WDAppDelegate.m in Sources */,
				5BB6B31D16DBE13900394113 /* Word_Diary.xcdatamodeld in Sources */,
				5BB840E216DCB9470005AF21 /* WDWordDiary.m in Sources */,
				5B80894816DE3CE2002CD179 /* WDUtils.m in Sources */,
				5B1A713516E8A2BE00355F59 /* WDBackgroundView.m in Sources */,
				5B1AC4B816EA0A5600950206 /* UIView+UIViewNibLoad.m in Sources */,
				5B0764A516FB0B9B00A046BC /* WDDayChecker.m in Sources */,
				5BE2F6E41700216400A68287 /* WDGradientBackground.m in Sources */,
				5B1193691704B61C00CAF765 /* UILabel+TopAlign.m in Sources */,
				5BFEEA69170C1BCB0048482B /* WDStyle.m in Sources */,
				5BFEEA75170C1DDD0048482B /* UIColor+hexColorCreation.m in Sources */,
				5B6987E7171816D100046FE0 /* UIView+RoundedCorners.m in Sources */,
				5B86DBD9171BE542003152AB /* WDPalette.m in Sources */,
				5B86DBDC171BE542003152AB /* WDWord.m in Sources */,
				5B86DBE0171BEA37003152AB /* WDWordScreenViewController.m in Sources */,
				5B86DBE4171BEA81003152AB /* WDWordScreenCollectionViewController.m in Sources */,
				5B86DBEB171BEE82003152AB /* WDWordScreenCollectionViewCell.m in Sources */,
				5B86DBF7171C41AA003152AB /* WDWordRepresentationView.m in Sources */,
				5B07E98C172001C300D12450 /* WDWordCharacterCounterView.m in Sources */,
			);
			runOnlyForDeploymentPostprocessing = 0;
		};
/* End PBXSourcesBuildPhase section */

/* Begin PBXVariantGroup section */
		5BB6B30C16DBE13900394113 /* InfoPlist.strings */ = {
			isa = PBXVariantGroup;
			children = (
				5BB6B30D16DBE13900394113 /* en */,
				5BB840FB16DCC83E0005AF21 /* es */,
			);
			name = InfoPlist.strings;
			sourceTree = "<group>";
		};
		5BB840F916DCC80E0005AF21 /* Localizable.strings */ = {
			isa = PBXVariantGroup;
			children = (
				5BB840F816DCC80E0005AF21 /* en */,
				5BB840FA16DCC83E0005AF21 /* es */,
			);
			name = Localizable.strings;
			sourceTree = "<group>";
		};
/* End PBXVariantGroup section */

/* Begin XCBuildConfiguration section */
		5BB6B31E16DBE13900394113 /* Debug */ = {
			isa = XCBuildConfiguration;
			buildSettings = {
				ALWAYS_SEARCH_USER_PATHS = NO;
				CLANG_CXX_LANGUAGE_STANDARD = "gnu++0x";
				CLANG_CXX_LIBRARY = "libc++";
				CLANG_ENABLE_OBJC_ARC = YES;
				CLANG_WARN_CONSTANT_CONVERSION = YES;
				CLANG_WARN_EMPTY_BODY = YES;
				CLANG_WARN_ENUM_CONVERSION = YES;
				CLANG_WARN_INT_CONVERSION = YES;
				CLANG_WARN__DUPLICATE_METHOD_MATCH = YES;
				"CODE_SIGN_IDENTITY[sdk=iphoneos*]" = "iPhone Developer";
				COPY_PHASE_STRIP = NO;
				GCC_C_LANGUAGE_STANDARD = gnu99;
				GCC_DYNAMIC_NO_PIC = NO;
				GCC_OPTIMIZATION_LEVEL = 0;
				GCC_PREPROCESSOR_DEFINITIONS = (
					"DEBUG=1",
					"$(inherited)",
				);
				GCC_SYMBOLS_PRIVATE_EXTERN = NO;
				GCC_TREAT_IMPLICIT_FUNCTION_DECLARATIONS_AS_ERRORS = NO;
				GCC_WARN_ABOUT_RETURN_TYPE = YES;
				GCC_WARN_UNINITIALIZED_AUTOS = YES;
				GCC_WARN_UNUSED_FUNCTION = NO;
				GCC_WARN_UNUSED_VARIABLE = YES;
				IPHONEOS_DEPLOYMENT_TARGET = 6.1;
				ONLY_ACTIVE_ARCH = YES;
				SDKROOT = iphoneos;
			};
			name = Debug;
		};
		5BB6B31F16DBE13900394113 /* Release */ = {
			isa = XCBuildConfiguration;
			buildSettings = {
				ALWAYS_SEARCH_USER_PATHS = NO;
				CLANG_CXX_LANGUAGE_STANDARD = "gnu++0x";
				CLANG_CXX_LIBRARY = "libc++";
				CLANG_ENABLE_OBJC_ARC = YES;
				CLANG_WARN_CONSTANT_CONVERSION = YES;
				CLANG_WARN_EMPTY_BODY = YES;
				CLANG_WARN_ENUM_CONVERSION = YES;
				CLANG_WARN_INT_CONVERSION = YES;
				CLANG_WARN__DUPLICATE_METHOD_MATCH = YES;
				"CODE_SIGN_IDENTITY[sdk=iphoneos*]" = "iPhone Developer";
				COPY_PHASE_STRIP = YES;
				GCC_C_LANGUAGE_STANDARD = gnu99;
				GCC_TREAT_IMPLICIT_FUNCTION_DECLARATIONS_AS_ERRORS = NO;
				GCC_WARN_ABOUT_RETURN_TYPE = YES;
				GCC_WARN_UNINITIALIZED_AUTOS = YES;
				GCC_WARN_UNUSED_FUNCTION = NO;
				GCC_WARN_UNUSED_VARIABLE = YES;
				IPHONEOS_DEPLOYMENT_TARGET = 6.1;
				OTHER_CFLAGS = "-DNS_BLOCK_ASSERTIONS=1";
				SDKROOT = iphoneos;
				VALIDATE_PRODUCT = YES;
			};
			name = Release;
		};
		5BB6B32116DBE13900394113 /* Debug */ = {
			isa = XCBuildConfiguration;
			buildSettings = {
				GCC_PRECOMPILE_PREFIX_HEADER = YES;
				GCC_PREFIX_HEADER = "Word Diary/Word Diary-Prefix.pch";
				INFOPLIST_FILE = "Word Diary/Word Diary-Info.plist";
				PRODUCT_NAME = "$(TARGET_NAME)";
				TARGETED_DEVICE_FAMILY = 1;
				WRAPPER_EXTENSION = app;
			};
			name = Debug;
		};
		5BB6B32216DBE13900394113 /* Release */ = {
			isa = XCBuildConfiguration;
			buildSettings = {
				GCC_PRECOMPILE_PREFIX_HEADER = YES;
				GCC_PREFIX_HEADER = "Word Diary/Word Diary-Prefix.pch";
				INFOPLIST_FILE = "Word Diary/Word Diary-Info.plist";
				PRODUCT_NAME = "$(TARGET_NAME)";
				TARGETED_DEVICE_FAMILY = 1;
				WRAPPER_EXTENSION = app;
			};
			name = Release;
		};
/* End XCBuildConfiguration section */

/* Begin XCConfigurationList section */
		5BB6B2F916DBE13900394113 /* Build configuration list for PBXProject "Word Diary" */ = {
			isa = XCConfigurationList;
			buildConfigurations = (
				5BB6B31E16DBE13900394113 /* Debug */,
				5BB6B31F16DBE13900394113 /* Release */,
			);
			defaultConfigurationIsVisible = 0;
			defaultConfigurationName = Release;
		};
		5BB6B32016DBE13900394113 /* Build configuration list for PBXNativeTarget "Word Diary" */ = {
			isa = XCConfigurationList;
			buildConfigurations = (
				5BB6B32116DBE13900394113 /* Debug */,
				5BB6B32216DBE13900394113 /* Release */,
			);
			defaultConfigurationIsVisible = 0;
			defaultConfigurationName = Release;
		};
/* End XCConfigurationList section */

/* Begin XCVersionGroup section */
		5BB6B31B16DBE13900394113 /* Word_Diary.xcdatamodeld */ = {
			isa = XCVersionGroup;
			children = (
				5BB6B31C16DBE13900394113 /* Word_Diary.xcdatamodel */,
			);
			currentVersion = 5BB6B31C16DBE13900394113 /* Word_Diary.xcdatamodel */;
			path = Word_Diary.xcdatamodeld;
			sourceTree = "<group>";
			versionGroupType = wrapper.xcdatamodel;
		};
/* End XCVersionGroup section */
	};
	rootObject = 5BB6B2F616DBE13900394113 /* Project object */;
}
